// !$*UTF8*$!
{
	archiveVersion = 1;
	classes = {
	};
	objectVersion = 46;
	objects = {

/* Begin PBXBuildFile section */
		1978992D1D6AE0A000096096 /* YYDropDownSubCell.m in Sources */ = {isa = PBXBuildFile; fileRef = 1978992B1D6AE0A000096096 /* YYDropDownSubCell.m */; };
		197899321D6AEF3300096096 /* YYDropDownViewMainCell.m in Sources */ = {isa = PBXBuildFile; fileRef = 197899311D6AEF3300096096 /* YYDropDownViewMainCell.m */; };
		19BD15B71D6C25260083F7F7 /* YYCitiesViewController.m in Sources */ = {isa = PBXBuildFile; fileRef = 19BD15B51D6C25260083F7F7 /* YYCitiesViewController.m */; };
		19BD15B81D6C25260083F7F7 /* YYCitiesViewController.xib in Resources */ = {isa = PBXBuildFile; fileRef = 19BD15B61D6C25260083F7F7 /* YYCitiesViewController.xib */; };
		19BD15BE1D6C3AED0083F7F7 /* categories.plist in Resources */ = {isa = PBXBuildFile; fileRef = 19BD15BA1D6C3AED0083F7F7 /* categories.plist */; };
		19BD15BF1D6C3AED0083F7F7 /* cities.plist in Resources */ = {isa = PBXBuildFile; fileRef = 19BD15BB1D6C3AED0083F7F7 /* cities.plist */; };
		19BD15C01D6C3AED0083F7F7 /* cityGroups.plist in Resources */ = {isa = PBXBuildFile; fileRef = 19BD15BC1D6C3AED0083F7F7 /* cityGroups.plist */; };
		19BD15C11D6C3AED0083F7F7 /* sorts.plist in Resources */ = {isa = PBXBuildFile; fileRef = 19BD15BD1D6C3AED0083F7F7 /* sorts.plist */; };
		19BD15C41D6C56820083F7F7 /* YYCitySearchViewController.m in Sources */ = {isa = PBXBuildFile; fileRef = 19BD15C31D6C56820083F7F7 /* YYCitySearchViewController.m */; };
		28DA27B61CE5BCFE0046A69A /* YYDropDownView.m in Sources */ = {isa = PBXBuildFile; fileRef = 28DA27B51CE5BCFE0046A69A /* YYDropDownView.m */; };
		28DA27B81CE5BD1D0046A69A /* YYDropDownView.xib in Resources */ = {isa = PBXBuildFile; fileRef = 28DA27B71CE5BD1D0046A69A /* YYDropDownView.xib */; };
		28DA27BA1CE5C29B0046A69A /* YYRegionsViewController.xib in Resources */ = {isa = PBXBuildFile; fileRef = 28DA27B91CE5C29B0046A69A /* YYRegionsViewController.xib */; };
		3A5A66DE1C96D478008C8DD3 /* UIButton+Extension.m in Sources */ = {isa = PBXBuildFile; fileRef = 3A5A66DD1C96D478008C8DD3 /* UIButton+Extension.m */; };
		3ADF85651C919C2300A77AA4 /* YYSortsViewController.m in Sources */ = {isa = PBXBuildFile; fileRef = 3ADF85631C919C2300A77AA4 /* YYSortsViewController.m */; };
		3ADF85661C919C2300A77AA4 /* YYSortsViewController.xib in Resources */ = {isa = PBXBuildFile; fileRef = 3ADF85641C919C2300A77AA4 /* YYSortsViewController.xib */; };
		3ADF85691C919C4400A77AA4 /* YYCategoriesViewController.m in Sources */ = {isa = PBXBuildFile; fileRef = 3ADF85681C919C4400A77AA4 /* YYCategoriesViewController.m */; };
		3ADF856C1C919C5700A77AA4 /* YYRegionsViewController.m in Sources */ = {isa = PBXBuildFile; fileRef = 3ADF856B1C919C5700A77AA4 /* YYRegionsViewController.m */; };
		8B2C2A771C61A19E00614D69 /* Main.storyboard in Resources */ = {isa = PBXBuildFile; fileRef = 8B2C2A751C61A19E00614D69 /* Main.storyboard */; };
		8B2C2A7C1C61A19E00614D69 /* LaunchScreen.storyboard in Resources */ = {isa = PBXBuildFile; fileRef = 8B2C2A7A1C61A19E00614D69 /* LaunchScreen.storyboard */; };
		8B2C2A871C61A19E00614D69 /* YYDealTests.m in Sources */ = {isa = PBXBuildFile; fileRef = 8B2C2A861C61A19E00614D69 /* YYDealTests.m */; };
		8B2C2A921C61A19E00614D69 /* YYDealUITests.m in Sources */ = {isa = PBXBuildFile; fileRef = 8B2C2A911C61A19E00614D69 /* YYDealUITests.m */; };
		8B8E18591C8C7D4E0074D6F3 /* YYBusiness.m in Sources */ = {isa = PBXBuildFile; fileRef = 8B8E18511C8C7D4E0074D6F3 /* YYBusiness.m */; };
		8B8E185A1C8C7D4E0074D6F3 /* YYDeal.m in Sources */ = {isa = PBXBuildFile; fileRef = 8B8E18531C8C7D4E0074D6F3 /* YYDeal.m */; };
		8B8E185B1C8C7D4E0074D6F3 /* YYFindDealsParam.m in Sources */ = {isa = PBXBuildFile; fileRef = 8B8E18561C8C7D4E0074D6F3 /* YYFindDealsParam.m */; };
		8B8E185C1C8C7D4E0074D6F3 /* YYFindDealsResult.m in Sources */ = {isa = PBXBuildFile; fileRef = 8B8E18581C8C7D4E0074D6F3 /* YYFindDealsResult.m */; };
		8B8E18601C8C7DAC0074D6F3 /* YYCategory.m in Sources */ = {isa = PBXBuildFile; fileRef = 8B8E185F1C8C7DAC0074D6F3 /* YYCategory.m */; };
		8B8E18631C8C7DEC0074D6F3 /* YYSort.m in Sources */ = {isa = PBXBuildFile; fileRef = 8B8E18621C8C7DEC0074D6F3 /* YYSort.m */; };
		8B8E18661C8C7E280074D6F3 /* YYCity.m in Sources */ = {isa = PBXBuildFile; fileRef = 8B8E18651C8C7E280074D6F3 /* YYCity.m */; };
		8B8E18691C8C7E460074D6F3 /* YYRegion.m in Sources */ = {isa = PBXBuildFile; fileRef = 8B8E18681C8C7E460074D6F3 /* YYRegion.m */; };
		8B8E186C1C8C7E640074D6F3 /* YYCityGroup.m in Sources */ = {isa = PBXBuildFile; fileRef = 8B8E186B1C8C7E640074D6F3 /* YYCityGroup.m */; };
		8B8E186F1C8C7EC40074D6F3 /* YYMetaDataTool.m in Sources */ = {isa = PBXBuildFile; fileRef = 8B8E186E1C8C7EC40074D6F3 /* YYMetaDataTool.m */; };
		8BE50F5D1C8868AB004DEC6F /* AppDelegate.m in Sources */ = {isa = PBXBuildFile; fileRef = 8BE50F511C8868AB004DEC6F /* AppDelegate.m */; };
		8BE50F5E1C8868AB004DEC6F /* DPAPI.m in Sources */ = {isa = PBXBuildFile; fileRef = 8BE50F561C8868AB004DEC6F /* DPAPI.m */; };
		8BE50F5F1C8868AB004DEC6F /* DPRequest.m in Sources */ = {isa = PBXBuildFile; fileRef = 8BE50F591C8868AB004DEC6F /* DPRequest.m */; };
		8BE50F601C8868AB004DEC6F /* main.m in Sources */ = {isa = PBXBuildFile; fileRef = 8BE50F5A1C8868AB004DEC6F /* main.m */; };
		8BE50F611C8868AB004DEC6F /* ViewController.m in Sources */ = {isa = PBXBuildFile; fileRef = 8BE50F5C1C8868AB004DEC6F /* ViewController.m */; };
		8BE50F641C88718F004DEC6F /* YYAPITool.m in Sources */ = {isa = PBXBuildFile; fileRef = 8BE50F631C88718F004DEC6F /* YYAPITool.m */; };
		8BFAF7A51C90021B00750B58 /* UIBarButtonItem+Extension.m in Sources */ = {isa = PBXBuildFile; fileRef = 8BFAF7A41C90021B00750B58 /* UIBarButtonItem+Extension.m */; };
		8BFAF7A81C9005C900750B58 /* YYDealsTopMenu.m in Sources */ = {isa = PBXBuildFile; fileRef = 8BFAF7A71C9005C900750B58 /* YYDealsTopMenu.m */; };
		8BFAF7AA1C9005D400750B58 /* YYDealsTopMenu.xib in Resources */ = {isa = PBXBuildFile; fileRef = 8BFAF7A91C9005D400750B58 /* YYDealsTopMenu.xib */; };
		8BFBFBFF1C89ECE800621099 /* MJArgument.m in Sources */ = {isa = PBXBuildFile; fileRef = 8BFBFBE91C89ECE800621099 /* MJArgument.m */; };
		8BFBFC001C89ECE800621099 /* MJConst.m in Sources */ = {isa = PBXBuildFile; fileRef = 8BFBFBEB1C89ECE800621099 /* MJConst.m */; };
		8BFBFC011C89ECE800621099 /* MJFoundation.m in Sources */ = {isa = PBXBuildFile; fileRef = 8BFBFBEE1C89ECE800621099 /* MJFoundation.m */; };
		8BFBFC021C89ECE800621099 /* MJIvar.m in Sources */ = {isa = PBXBuildFile; fileRef = 8BFBFBF01C89ECE800621099 /* MJIvar.m */; };
		8BFBFC031C89ECE800621099 /* MJMember.m in Sources */ = {isa = PBXBuildFile; fileRef = 8BFBFBF21C89ECE800621099 /* MJMember.m */; };
		8BFBFC041C89ECE800621099 /* MJMethod.m in Sources */ = {isa = PBXBuildFile; fileRef = 8BFBFBF41C89ECE800621099 /* MJMethod.m */; };
		8BFBFC051C89ECE800621099 /* MJType.m in Sources */ = {isa = PBXBuildFile; fileRef = 8BFBFBF61C89ECE800621099 /* MJType.m */; };
		8BFBFC061C89ECE800621099 /* MJTypeEncoding.m in Sources */ = {isa = PBXBuildFile; fileRef = 8BFBFBF81C89ECE800621099 /* MJTypeEncoding.m */; };
		8BFBFC071C89ECE800621099 /* NSObject+MJCoding.m in Sources */ = {isa = PBXBuildFile; fileRef = 8BFBFBFA1C89ECE800621099 /* NSObject+MJCoding.m */; };
		8BFBFC081C89ECE800621099 /* NSObject+MJKeyValue.m in Sources */ = {isa = PBXBuildFile; fileRef = 8BFBFBFC1C89ECE800621099 /* NSObject+MJKeyValue.m */; };
		8BFBFC091C89ECE800621099 /* NSObject+MJMember.m in Sources */ = {isa = PBXBuildFile; fileRef = 8BFBFBFE1C89ECE800621099 /* NSObject+MJMember.m */; };
		8BFBFC0C1C89ED1900621099 /* YYDealTool.m in Sources */ = {isa = PBXBuildFile; fileRef = 8BFBFC0B1C89ED1900621099 /* YYDealTool.m */; };
		8BFD65BA1C8C5F3400AC5F22 /* Assets.xcassets in Resources */ = {isa = PBXBuildFile; fileRef = 8BFD65B91C8C5F3400AC5F22 /* Assets.xcassets */; };
		8BFD65BD1C8C69B300AC5F22 /* YYMainNavigationController.m in Sources */ = {isa = PBXBuildFile; fileRef = 8BFD65BC1C8C69B300AC5F22 /* YYMainNavigationController.m */; };
		8BFD65C01C8C6A8200AC5F22 /* YYDealsViewController.m in Sources */ = {isa = PBXBuildFile; fileRef = 8BFD65BF1C8C6A8200AC5F22 /* YYDealsViewController.m */; };
		8BFD65C51C8C6ACE00AC5F22 /* UIView+AutoLayout.m in Sources */ = {isa = PBXBuildFile; fileRef = 8BFD65C21C8C6ACE00AC5F22 /* UIView+AutoLayout.m */; };
		8BFD65C61C8C6ACE00AC5F22 /* UIView+Extension.m in Sources */ = {isa = PBXBuildFile; fileRef = 8BFD65C41C8C6ACE00AC5F22 /* UIView+Extension.m */; };
		8BFD65CC1C8C6AF900AC5F22 /* AwesomeMenu.m in Sources */ = {isa = PBXBuildFile; fileRef = 8BFD65C91C8C6AF900AC5F22 /* AwesomeMenu.m */; };
		8BFD65CD1C8C6AF900AC5F22 /* AwesomeMenuItem.m in Sources */ = {isa = PBXBuildFile; fileRef = 8BFD65CB1C8C6AF900AC5F22 /* AwesomeMenuItem.m */; };
/* End PBXBuildFile section */

/* Begin PBXContainerItemProxy section */
		8B2C2A831C61A19E00614D69 /* PBXContainerItemProxy */ = {
			isa = PBXContainerItemProxy;
			containerPortal = 8B2C2A611C61A19E00614D69 /* Project object */;
			proxyType = 1;
			remoteGlobalIDString = 8B2C2A681C61A19E00614D69;
			remoteInfo = YYDeal;
		};
		8B2C2A8E1C61A19E00614D69 /* PBXContainerItemProxy */ = {
			isa = PBXContainerItemProxy;
			containerPortal = 8B2C2A611C61A19E00614D69 /* Project object */;
			proxyType = 1;
			remoteGlobalIDString = 8B2C2A681C61A19E00614D69;
			remoteInfo = YYDeal;
		};
/* End PBXContainerItemProxy section */

/* Begin PBXFileReference section */
		1978992A1D6AE0A000096096 /* YYDropDownSubCell.h */ = {isa = PBXFileReference; fileEncoding = 4; lastKnownFileType = sourcecode.c.h; path = YYDropDownSubCell.h; sourceTree = "<group>"; };
		1978992B1D6AE0A000096096 /* YYDropDownSubCell.m */ = {isa = PBXFileReference; fileEncoding = 4; lastKnownFileType = sourcecode.c.objc; path = YYDropDownSubCell.m; sourceTree = "<group>"; };
		197899301D6AEF3300096096 /* YYDropDownViewMainCell.h */ = {isa = PBXFileReference; fileEncoding = 4; lastKnownFileType = sourcecode.c.h; path = YYDropDownViewMainCell.h; sourceTree = "<group>"; };
		197899311D6AEF3300096096 /* YYDropDownViewMainCell.m */ = {isa = PBXFileReference; fileEncoding = 4; lastKnownFileType = sourcecode.c.objc; path = YYDropDownViewMainCell.m; sourceTree = "<group>"; };
		19BD15B41D6C25260083F7F7 /* YYCitiesViewController.h */ = {isa = PBXFileReference; fileEncoding = 4; lastKnownFileType = sourcecode.c.h; path = YYCitiesViewController.h; sourceTree = "<group>"; };
		19BD15B51D6C25260083F7F7 /* YYCitiesViewController.m */ = {isa = PBXFileReference; fileEncoding = 4; lastKnownFileType = sourcecode.c.objc; path = YYCitiesViewController.m; sourceTree = "<group>"; };
		19BD15B61D6C25260083F7F7 /* YYCitiesViewController.xib */ = {isa = PBXFileReference; fileEncoding = 4; lastKnownFileType = file.xib; path = YYCitiesViewController.xib; sourceTree = "<group>"; };
		19BD15BA1D6C3AED0083F7F7 /* categories.plist */ = {isa = PBXFileReference; fileEncoding = 4; lastKnownFileType = text.plist.xml; path = categories.plist; sourceTree = "<group>"; };
		19BD15BB1D6C3AED0083F7F7 /* cities.plist */ = {isa = PBXFileReference; fileEncoding = 4; lastKnownFileType = text.plist.xml; path = cities.plist; sourceTree = "<group>"; };
		19BD15BC1D6C3AED0083F7F7 /* cityGroups.plist */ = {isa = PBXFileReference; fileEncoding = 4; lastKnownFileType = text.plist.xml; path = cityGroups.plist; sourceTree = "<group>"; };
		19BD15BD1D6C3AED0083F7F7 /* sorts.plist */ = {isa = PBXFileReference; fileEncoding = 4; lastKnownFileType = text.plist.xml; path = sorts.plist; sourceTree = "<group>"; };
		19BD15C21D6C56820083F7F7 /* YYCitySearchViewController.h */ = {isa = PBXFileReference; fileEncoding = 4; lastKnownFileType = sourcecode.c.h; path = YYCitySearchViewController.h; sourceTree = "<group>"; };
		19BD15C31D6C56820083F7F7 /* YYCitySearchViewController.m */ = {isa = PBXFileReference; fileEncoding = 4; lastKnownFileType = sourcecode.c.objc; path = YYCitySearchViewController.m; sourceTree = "<group>"; };
		28DA27B41CE5BCFE0046A69A /* YYDropDownView.h */ = {isa = PBXFileReference; fileEncoding = 4; lastKnownFileType = sourcecode.c.h; path = YYDropDownView.h; sourceTree = "<group>"; };
		28DA27B51CE5BCFE0046A69A /* YYDropDownView.m */ = {isa = PBXFileReference; fileEncoding = 4; lastKnownFileType = sourcecode.c.objc; path = YYDropDownView.m; sourceTree = "<group>"; };
		28DA27B71CE5BD1D0046A69A /* YYDropDownView.xib */ = {isa = PBXFileReference; fileEncoding = 4; lastKnownFileType = file.xib; path = YYDropDownView.xib; sourceTree = "<group>"; };
		28DA27B91CE5C29B0046A69A /* YYRegionsViewController.xib */ = {isa = PBXFileReference; fileEncoding = 4; lastKnownFileType = file.xib; path = YYRegionsViewController.xib; sourceTree = "<group>"; };
		3A5A66DC1C96D478008C8DD3 /* UIButton+Extension.h */ = {isa = PBXFileReference; fileEncoding = 4; lastKnownFileType = sourcecode.c.h; path = "UIButton+Extension.h"; sourceTree = "<group>"; };
		3A5A66DD1C96D478008C8DD3 /* UIButton+Extension.m */ = {isa = PBXFileReference; fileEncoding = 4; lastKnownFileType = sourcecode.c.objc; path = "UIButton+Extension.m"; sourceTree = "<group>"; };
		3ADF85621C919C2300A77AA4 /* YYSortsViewController.h */ = {isa = PBXFileReference; fileEncoding = 4; lastKnownFileType = sourcecode.c.h; path = YYSortsViewController.h; sourceTree = "<group>"; };
		3ADF85631C919C2300A77AA4 /* YYSortsViewController.m */ = {isa = PBXFileReference; fileEncoding = 4; lastKnownFileType = sourcecode.c.objc; path = YYSortsViewController.m; sourceTree = "<group>"; };
		3ADF85641C919C2300A77AA4 /* YYSortsViewController.xib */ = {isa = PBXFileReference; fileEncoding = 4; lastKnownFileType = file.xib; path = YYSortsViewController.xib; sourceTree = "<group>"; };
		3ADF85671C919C4400A77AA4 /* YYCategoriesViewController.h */ = {isa = PBXFileReference; fileEncoding = 4; lastKnownFileType = sourcecode.c.h; path = YYCategoriesViewController.h; sourceTree = "<group>"; };
		3ADF85681C919C4400A77AA4 /* YYCategoriesViewController.m */ = {isa = PBXFileReference; fileEncoding = 4; lastKnownFileType = sourcecode.c.objc; path = YYCategoriesViewController.m; sourceTree = "<group>"; };
		3ADF856A1C919C5700A77AA4 /* YYRegionsViewController.h */ = {isa = PBXFileReference; fileEncoding = 4; lastKnownFileType = sourcecode.c.h; path = YYRegionsViewController.h; sourceTree = "<group>"; };
		3ADF856B1C919C5700A77AA4 /* YYRegionsViewController.m */ = {isa = PBXFileReference; fileEncoding = 4; lastKnownFileType = sourcecode.c.objc; path = YYRegionsViewController.m; sourceTree = "<group>"; };
		8B2C2A691C61A19E00614D69 /* YYDeal.app */ = {isa = PBXFileReference; explicitFileType = wrapper.application; includeInIndex = 0; path = YYDeal.app; sourceTree = BUILT_PRODUCTS_DIR; };
		8B2C2A761C61A19E00614D69 /* Base */ = {isa = PBXFileReference; lastKnownFileType = file.storyboard; name = Base; path = Base.lproj/Main.storyboard; sourceTree = "<group>"; };
		8B2C2A7B1C61A19E00614D69 /* Base */ = {isa = PBXFileReference; lastKnownFileType = file.storyboard; name = Base; path = Base.lproj/LaunchScreen.storyboard; sourceTree = "<group>"; };
		8B2C2A7D1C61A19E00614D69 /* Info.plist */ = {isa = PBXFileReference; lastKnownFileType = text.plist.xml; path = Info.plist; sourceTree = "<group>"; };
		8B2C2A821C61A19E00614D69 /* YYDealTests.xctest */ = {isa = PBXFileReference; explicitFileType = wrapper.cfbundle; includeInIndex = 0; path = YYDealTests.xctest; sourceTree = BUILT_PRODUCTS_DIR; };
		8B2C2A861C61A19E00614D69 /* YYDealTests.m */ = {isa = PBXFileReference; lastKnownFileType = sourcecode.c.objc; path = YYDealTests.m; sourceTree = "<group>"; };
		8B2C2A881C61A19E00614D69 /* Info.plist */ = {isa = PBXFileReference; lastKnownFileType = text.plist.xml; path = Info.plist; sourceTree = "<group>"; };
		8B2C2A8D1C61A19E00614D69 /* YYDealUITests.xctest */ = {isa = PBXFileReference; explicitFileType = wrapper.cfbundle; includeInIndex = 0; path = YYDealUITests.xctest; sourceTree = BUILT_PRODUCTS_DIR; };
		8B2C2A911C61A19E00614D69 /* YYDealUITests.m */ = {isa = PBXFileReference; lastKnownFileType = sourcecode.c.objc; path = YYDealUITests.m; sourceTree = "<group>"; };
		8B2C2A931C61A19E00614D69 /* Info.plist */ = {isa = PBXFileReference; lastKnownFileType = text.plist.xml; path = Info.plist; sourceTree = "<group>"; };
		8B8E18501C8C7D4E0074D6F3 /* YYBusiness.h */ = {isa = PBXFileReference; fileEncoding = 4; lastKnownFileType = sourcecode.c.h; path = YYBusiness.h; sourceTree = "<group>"; };
		8B8E18511C8C7D4E0074D6F3 /* YYBusiness.m */ = {isa = PBXFileReference; fileEncoding = 4; lastKnownFileType = sourcecode.c.objc; path = YYBusiness.m; sourceTree = "<group>"; };
		8B8E18521C8C7D4E0074D6F3 /* YYDeal.h */ = {isa = PBXFileReference; fileEncoding = 4; lastKnownFileType = sourcecode.c.h; path = YYDeal.h; sourceTree = "<group>"; };
		8B8E18531C8C7D4E0074D6F3 /* YYDeal.m */ = {isa = PBXFileReference; fileEncoding = 4; lastKnownFileType = sourcecode.c.objc; path = YYDeal.m; sourceTree = "<group>"; };
		8B8E18551C8C7D4E0074D6F3 /* YYFindDealsParam.h */ = {isa = PBXFileReference; fileEncoding = 4; lastKnownFileType = sourcecode.c.h; path = YYFindDealsParam.h; sourceTree = "<group>"; };
		8B8E18561C8C7D4E0074D6F3 /* YYFindDealsParam.m */ = {isa = PBXFileReference; fileEncoding = 4; lastKnownFileType = sourcecode.c.objc; path = YYFindDealsParam.m; sourceTree = "<group>"; };
		8B8E18571C8C7D4E0074D6F3 /* YYFindDealsResult.h */ = {isa = PBXFileReference; fileEncoding = 4; lastKnownFileType = sourcecode.c.h; path = YYFindDealsResult.h; sourceTree = "<group>"; };
		8B8E18581C8C7D4E0074D6F3 /* YYFindDealsResult.m */ = {isa = PBXFileReference; fileEncoding = 4; lastKnownFileType = sourcecode.c.objc; path = YYFindDealsResult.m; sourceTree = "<group>"; };
		8B8E185E1C8C7DAC0074D6F3 /* YYCategory.h */ = {isa = PBXFileReference; fileEncoding = 4; lastKnownFileType = sourcecode.c.h; path = YYCategory.h; sourceTree = "<group>"; };
		8B8E185F1C8C7DAC0074D6F3 /* YYCategory.m */ = {isa = PBXFileReference; fileEncoding = 4; lastKnownFileType = sourcecode.c.objc; path = YYCategory.m; sourceTree = "<group>"; };
		8B8E18611C8C7DEC0074D6F3 /* YYSort.h */ = {isa = PBXFileReference; fileEncoding = 4; lastKnownFileType = sourcecode.c.h; path = YYSort.h; sourceTree = "<group>"; };
		8B8E18621C8C7DEC0074D6F3 /* YYSort.m */ = {isa = PBXFileReference; fileEncoding = 4; lastKnownFileType = sourcecode.c.objc; path = YYSort.m; sourceTree = "<group>"; };
		8B8E18641C8C7E280074D6F3 /* YYCity.h */ = {isa = PBXFileReference; fileEncoding = 4; lastKnownFileType = sourcecode.c.h; path = YYCity.h; sourceTree = "<group>"; };
		8B8E18651C8C7E280074D6F3 /* YYCity.m */ = {isa = PBXFileReference; fileEncoding = 4; lastKnownFileType = sourcecode.c.objc; path = YYCity.m; sourceTree = "<group>"; };
		8B8E18671C8C7E460074D6F3 /* YYRegion.h */ = {isa = PBXFileReference; fileEncoding = 4; lastKnownFileType = sourcecode.c.h; path = YYRegion.h; sourceTree = "<group>"; };
		8B8E18681C8C7E460074D6F3 /* YYRegion.m */ = {isa = PBXFileReference; fileEncoding = 4; lastKnownFileType = sourcecode.c.objc; path = YYRegion.m; sourceTree = "<group>"; };
		8B8E186A1C8C7E640074D6F3 /* YYCityGroup.h */ = {isa = PBXFileReference; fileEncoding = 4; lastKnownFileType = sourcecode.c.h; path = YYCityGroup.h; sourceTree = "<group>"; };
		8B8E186B1C8C7E640074D6F3 /* YYCityGroup.m */ = {isa = PBXFileReference; fileEncoding = 4; lastKnownFileType = sourcecode.c.objc; path = YYCityGroup.m; sourceTree = "<group>"; };
		8B8E186D1C8C7EC40074D6F3 /* YYMetaDataTool.h */ = {isa = PBXFileReference; fileEncoding = 4; lastKnownFileType = sourcecode.c.h; path = YYMetaDataTool.h; sourceTree = "<group>"; };
		8B8E186E1C8C7EC40074D6F3 /* YYMetaDataTool.m */ = {isa = PBXFileReference; fileEncoding = 4; lastKnownFileType = sourcecode.c.objc; path = YYMetaDataTool.m; sourceTree = "<group>"; };
		8BE50F501C8868AB004DEC6F /* AppDelegate.h */ = {isa = PBXFileReference; fileEncoding = 4; lastKnownFileType = sourcecode.c.h; path = AppDelegate.h; sourceTree = "<group>"; };
		8BE50F511C8868AB004DEC6F /* AppDelegate.m */ = {isa = PBXFileReference; fileEncoding = 4; lastKnownFileType = sourcecode.c.objc; path = AppDelegate.m; sourceTree = "<group>"; };
		8BE50F551C8868AB004DEC6F /* DPAPI.h */ = {isa = PBXFileReference; fileEncoding = 4; lastKnownFileType = sourcecode.c.h; path = DPAPI.h; sourceTree = "<group>"; };
		8BE50F561C8868AB004DEC6F /* DPAPI.m */ = {isa = PBXFileReference; fileEncoding = 4; lastKnownFileType = sourcecode.c.objc; path = DPAPI.m; sourceTree = "<group>"; };
		8BE50F571C8868AB004DEC6F /* DPConstants.h */ = {isa = PBXFileReference; fileEncoding = 4; lastKnownFileType = sourcecode.c.h; path = DPConstants.h; sourceTree = "<group>"; };
		8BE50F581C8868AB004DEC6F /* DPRequest.h */ = {isa = PBXFileReference; fileEncoding = 4; lastKnownFileType = sourcecode.c.h; path = DPRequest.h; sourceTree = "<group>"; };
		8BE50F591C8868AB004DEC6F /* DPRequest.m */ = {isa = PBXFileReference; fileEncoding = 4; lastKnownFileType = sourcecode.c.objc; path = DPRequest.m; sourceTree = "<group>"; };
		8BE50F5A1C8868AB004DEC6F /* main.m */ = {isa = PBXFileReference; fileEncoding = 4; lastKnownFileType = sourcecode.c.objc; path = main.m; sourceTree = "<group>"; };
		8BE50F5B1C8868AB004DEC6F /* ViewController.h */ = {isa = PBXFileReference; fileEncoding = 4; lastKnownFileType = sourcecode.c.h; path = ViewController.h; sourceTree = "<group>"; };
		8BE50F5C1C8868AB004DEC6F /* ViewController.m */ = {isa = PBXFileReference; fileEncoding = 4; lastKnownFileType = sourcecode.c.objc; path = ViewController.m; sourceTree = "<group>"; };
		8BE50F621C88718F004DEC6F /* YYAPITool.h */ = {isa = PBXFileReference; fileEncoding = 4; lastKnownFileType = sourcecode.c.h; path = YYAPITool.h; sourceTree = "<group>"; };
		8BE50F631C88718F004DEC6F /* YYAPITool.m */ = {isa = PBXFileReference; fileEncoding = 4; lastKnownFileType = sourcecode.c.objc; path = YYAPITool.m; sourceTree = "<group>"; };
		8BE50F671C887E95004DEC6F /* YYSingleton.h */ = {isa = PBXFileReference; fileEncoding = 4; lastKnownFileType = sourcecode.c.h; path = YYSingleton.h; sourceTree = "<group>"; };
		8BFAF7A31C90021B00750B58 /* UIBarButtonItem+Extension.h */ = {isa = PBXFileReference; fileEncoding = 4; lastKnownFileType = sourcecode.c.h; path = "UIBarButtonItem+Extension.h"; sourceTree = "<group>"; };
		8BFAF7A41C90021B00750B58 /* UIBarButtonItem+Extension.m */ = {isa = PBXFileReference; fileEncoding = 4; lastKnownFileType = sourcecode.c.objc; path = "UIBarButtonItem+Extension.m"; sourceTree = "<group>"; };
		8BFAF7A61C9005C900750B58 /* YYDealsTopMenu.h */ = {isa = PBXFileReference; fileEncoding = 4; lastKnownFileType = sourcecode.c.h; path = YYDealsTopMenu.h; sourceTree = "<group>"; };
		8BFAF7A71C9005C900750B58 /* YYDealsTopMenu.m */ = {isa = PBXFileReference; fileEncoding = 4; lastKnownFileType = sourcecode.c.objc; path = YYDealsTopMenu.m; sourceTree = "<group>"; };
		8BFAF7A91C9005D400750B58 /* YYDealsTopMenu.xib */ = {isa = PBXFileReference; fileEncoding = 4; lastKnownFileType = file.xib; path = YYDealsTopMenu.xib; sourceTree = "<group>"; };
		8BFBFBE81C89ECE800621099 /* MJArgument.h */ = {isa = PBXFileReference; fileEncoding = 4; lastKnownFileType = sourcecode.c.h; path = MJArgument.h; sourceTree = "<group>"; };
		8BFBFBE91C89ECE800621099 /* MJArgument.m */ = {isa = PBXFileReference; fileEncoding = 4; lastKnownFileType = sourcecode.c.objc; path = MJArgument.m; sourceTree = "<group>"; };
		8BFBFBEA1C89ECE800621099 /* MJConst.h */ = {isa = PBXFileReference; fileEncoding = 4; lastKnownFileType = sourcecode.c.h; path = MJConst.h; sourceTree = "<group>"; };
		8BFBFBEB1C89ECE800621099 /* MJConst.m */ = {isa = PBXFileReference; fileEncoding = 4; lastKnownFileType = sourcecode.c.objc; path = MJConst.m; sourceTree = "<group>"; };
		8BFBFBEC1C89ECE800621099 /* MJExtension.h */ = {isa = PBXFileReference; fileEncoding = 4; lastKnownFileType = sourcecode.c.h; path = MJExtension.h; sourceTree = "<group>"; };
		8BFBFBED1C89ECE800621099 /* MJFoundation.h */ = {isa = PBXFileReference; fileEncoding = 4; lastKnownFileType = sourcecode.c.h; path = MJFoundation.h; sourceTree = "<group>"; };
		8BFBFBEE1C89ECE800621099 /* MJFoundation.m */ = {isa = PBXFileReference; fileEncoding = 4; lastKnownFileType = sourcecode.c.objc; path = MJFoundation.m; sourceTree = "<group>"; };
		8BFBFBEF1C89ECE800621099 /* MJIvar.h */ = {isa = PBXFileReference; fileEncoding = 4; lastKnownFileType = sourcecode.c.h; path = MJIvar.h; sourceTree = "<group>"; };
		8BFBFBF01C89ECE800621099 /* MJIvar.m */ = {isa = PBXFileReference; fileEncoding = 4; lastKnownFileType = sourcecode.c.objc; path = MJIvar.m; sourceTree = "<group>"; };
		8BFBFBF11C89ECE800621099 /* MJMember.h */ = {isa = PBXFileReference; fileEncoding = 4; lastKnownFileType = sourcecode.c.h; path = MJMember.h; sourceTree = "<group>"; };
		8BFBFBF21C89ECE800621099 /* MJMember.m */ = {isa = PBXFileReference; fileEncoding = 4; lastKnownFileType = sourcecode.c.objc; path = MJMember.m; sourceTree = "<group>"; };
		8BFBFBF31C89ECE800621099 /* MJMethod.h */ = {isa = PBXFileReference; fileEncoding = 4; lastKnownFileType = sourcecode.c.h; path = MJMethod.h; sourceTree = "<group>"; };
		8BFBFBF41C89ECE800621099 /* MJMethod.m */ = {isa = PBXFileReference; fileEncoding = 4; lastKnownFileType = sourcecode.c.objc; path = MJMethod.m; sourceTree = "<group>"; };
		8BFBFBF51C89ECE800621099 /* MJType.h */ = {isa = PBXFileReference; fileEncoding = 4; lastKnownFileType = sourcecode.c.h; path = MJType.h; sourceTree = "<group>"; };
		8BFBFBF61C89ECE800621099 /* MJType.m */ = {isa = PBXFileReference; fileEncoding = 4; lastKnownFileType = sourcecode.c.objc; path = MJType.m; sourceTree = "<group>"; };
		8BFBFBF71C89ECE800621099 /* MJTypeEncoding.h */ = {isa = PBXFileReference; fileEncoding = 4; lastKnownFileType = sourcecode.c.h; path = MJTypeEncoding.h; sourceTree = "<group>"; };
		8BFBFBF81C89ECE800621099 /* MJTypeEncoding.m */ = {isa = PBXFileReference; fileEncoding = 4; lastKnownFileType = sourcecode.c.objc; path = MJTypeEncoding.m; sourceTree = "<group>"; };
		8BFBFBF91C89ECE800621099 /* NSObject+MJCoding.h */ = {isa = PBXFileReference; fileEncoding = 4; lastKnownFileType = sourcecode.c.h; path = "NSObject+MJCoding.h"; sourceTree = "<group>"; };
		8BFBFBFA1C89ECE800621099 /* NSObject+MJCoding.m */ = {isa = PBXFileReference; fileEncoding = 4; lastKnownFileType = sourcecode.c.objc; path = "NSObject+MJCoding.m"; sourceTree = "<group>"; };
		8BFBFBFB1C89ECE800621099 /* NSObject+MJKeyValue.h */ = {isa = PBXFileReference; fileEncoding = 4; lastKnownFileType = sourcecode.c.h; path = "NSObject+MJKeyValue.h"; sourceTree = "<group>"; };
		8BFBFBFC1C89ECE800621099 /* NSObject+MJKeyValue.m */ = {isa = PBXFileReference; fileEncoding = 4; lastKnownFileType = sourcecode.c.objc; path = "NSObject+MJKeyValue.m"; sourceTree = "<group>"; };
		8BFBFBFD1C89ECE800621099 /* NSObject+MJMember.h */ = {isa = PBXFileReference; fileEncoding = 4; lastKnownFileType = sourcecode.c.h; path = "NSObject+MJMember.h"; sourceTree = "<group>"; };
		8BFBFBFE1C89ECE800621099 /* NSObject+MJMember.m */ = {isa = PBXFileReference; fileEncoding = 4; lastKnownFileType = sourcecode.c.objc; path = "NSObject+MJMember.m"; sourceTree = "<group>"; };
		8BFBFC0A1C89ED1900621099 /* YYDealTool.h */ = {isa = PBXFileReference; fileEncoding = 4; lastKnownFileType = sourcecode.c.h; path = YYDealTool.h; sourceTree = "<group>"; };
		8BFBFC0B1C89ED1900621099 /* YYDealTool.m */ = {isa = PBXFileReference; fileEncoding = 4; lastKnownFileType = sourcecode.c.objc; path = YYDealTool.m; sourceTree = "<group>"; };
		8BFBFC141C89EF0100621099 /* YYDeal-Prefix.pch */ = {isa = PBXFileReference; lastKnownFileType = sourcecode.c.h; path = "YYDeal-Prefix.pch"; sourceTree = "<group>"; };
		8BFD65B91C8C5F3400AC5F22 /* Assets.xcassets */ = {isa = PBXFileReference; lastKnownFileType = folder.assetcatalog; path = Assets.xcassets; sourceTree = "<group>"; };
		8BFD65BB1C8C69B300AC5F22 /* YYMainNavigationController.h */ = {isa = PBXFileReference; fileEncoding = 4; lastKnownFileType = sourcecode.c.h; path = YYMainNavigationController.h; sourceTree = "<group>"; };
		8BFD65BC1C8C69B300AC5F22 /* YYMainNavigationController.m */ = {isa = PBXFileReference; fileEncoding = 4; lastKnownFileType = sourcecode.c.objc; path = YYMainNavigationController.m; sourceTree = "<group>"; };
		8BFD65BE1C8C6A8200AC5F22 /* YYDealsViewController.h */ = {isa = PBXFileReference; fileEncoding = 4; lastKnownFileType = sourcecode.c.h; path = YYDealsViewController.h; sourceTree = "<group>"; };
		8BFD65BF1C8C6A8200AC5F22 /* YYDealsViewController.m */ = {isa = PBXFileReference; fileEncoding = 4; lastKnownFileType = sourcecode.c.objc; path = YYDealsViewController.m; sourceTree = "<group>"; };
		8BFD65C11C8C6ACE00AC5F22 /* UIView+AutoLayout.h */ = {isa = PBXFileReference; fileEncoding = 4; lastKnownFileType = sourcecode.c.h; path = "UIView+AutoLayout.h"; sourceTree = "<group>"; };
		8BFD65C21C8C6ACE00AC5F22 /* UIView+AutoLayout.m */ = {isa = PBXFileReference; fileEncoding = 4; lastKnownFileType = sourcecode.c.objc; path = "UIView+AutoLayout.m"; sourceTree = "<group>"; };
		8BFD65C31C8C6ACE00AC5F22 /* UIView+Extension.h */ = {isa = PBXFileReference; fileEncoding = 4; lastKnownFileType = sourcecode.c.h; path = "UIView+Extension.h"; sourceTree = "<group>"; };
		8BFD65C41C8C6ACE00AC5F22 /* UIView+Extension.m */ = {isa = PBXFileReference; fileEncoding = 4; lastKnownFileType = sourcecode.c.objc; path = "UIView+Extension.m"; sourceTree = "<group>"; };
		8BFD65C81C8C6AF900AC5F22 /* AwesomeMenu.h */ = {isa = PBXFileReference; fileEncoding = 4; lastKnownFileType = sourcecode.c.h; path = AwesomeMenu.h; sourceTree = "<group>"; };
		8BFD65C91C8C6AF900AC5F22 /* AwesomeMenu.m */ = {isa = PBXFileReference; fileEncoding = 4; lastKnownFileType = sourcecode.c.objc; path = AwesomeMenu.m; sourceTree = "<group>"; };
		8BFD65CA1C8C6AF900AC5F22 /* AwesomeMenuItem.h */ = {isa = PBXFileReference; fileEncoding = 4; lastKnownFileType = sourcecode.c.h; path = AwesomeMenuItem.h; sourceTree = "<group>"; };
		8BFD65CB1C8C6AF900AC5F22 /* AwesomeMenuItem.m */ = {isa = PBXFileReference; fileEncoding = 4; lastKnownFileType = sourcecode.c.objc; path = AwesomeMenuItem.m; sourceTree = "<group>"; };
/* End PBXFileReference section */

/* Begin PBXFrameworksBuildPhase section */
		8B2C2A661C61A19E00614D69 /* Frameworks */ = {
			isa = PBXFrameworksBuildPhase;
			buildActionMask = 2147483647;
			files = (
			);
			runOnlyForDeploymentPostprocessing = 0;
		};
		8B2C2A7F1C61A19E00614D69 /* Frameworks */ = {
			isa = PBXFrameworksBuildPhase;
			buildActionMask = 2147483647;
			files = (
			);
			runOnlyForDeploymentPostprocessing = 0;
		};
		8B2C2A8A1C61A19E00614D69 /* Frameworks */ = {
			isa = PBXFrameworksBuildPhase;
			buildActionMask = 2147483647;
			files = (
			);
			runOnlyForDeploymentPostprocessing = 0;
		};
/* End PBXFrameworksBuildPhase section */

/* Begin PBXGroup section */
		19BD15B91D6C3AED0083F7F7 /* JSON */ = {
			isa = PBXGroup;
			children = (
				19BD15BA1D6C3AED0083F7F7 /* categories.plist */,
				19BD15BB1D6C3AED0083F7F7 /* cities.plist */,
				19BD15BC1D6C3AED0083F7F7 /* cityGroups.plist */,
				19BD15BD1D6C3AED0083F7F7 /* sorts.plist */,
			);
			path = JSON;
			sourceTree = "<group>";
		};
		8B2C2A601C61A19E00614D69 = {
			isa = PBXGroup;
			children = (
				8B2C2A6B1C61A19E00614D69 /* YYDeal */,
				8B2C2A851C61A19E00614D69 /* YYDealTests */,
				8B2C2A901C61A19E00614D69 /* YYDealUITests */,
				8B2C2A6A1C61A19E00614D69 /* Products */,
			);
			sourceTree = "<group>";
		};
		8B2C2A6A1C61A19E00614D69 /* Products */ = {
			isa = PBXGroup;
			children = (
				8B2C2A691C61A19E00614D69 /* YYDeal.app */,
				8B2C2A821C61A19E00614D69 /* YYDealTests.xctest */,
				8B2C2A8D1C61A19E00614D69 /* YYDealUITests.xctest */,
			);
			name = Products;
			sourceTree = "<group>";
		};
		8B2C2A6B1C61A19E00614D69 /* YYDeal */ = {
			isa = PBXGroup;
			children = (
				8BE50F4C1C8868AB004DEC6F /* Classes */,
				8B2C2A6C1C61A19E00614D69 /* Supporting Files */,
			);
			path = YYDeal;
			sourceTree = "<group>";
		};
		8B2C2A6C1C61A19E00614D69 /* Supporting Files */ = {
			isa = PBXGroup;
			children = (
				19BD15B91D6C3AED0083F7F7 /* JSON */,
				8BFD65B91C8C5F3400AC5F22 /* Assets.xcassets */,
				8B2C2A751C61A19E00614D69 /* Main.storyboard */,
				8B2C2A7A1C61A19E00614D69 /* LaunchScreen.storyboard */,
				8B2C2A7D1C61A19E00614D69 /* Info.plist */,
				8BFBFC141C89EF0100621099 /* YYDeal-Prefix.pch */,
			);
			name = "Supporting Files";
			sourceTree = "<group>";
		};
		8B2C2A851C61A19E00614D69 /* YYDealTests */ = {
			isa = PBXGroup;
			children = (
				8B2C2A861C61A19E00614D69 /* YYDealTests.m */,
				8B2C2A881C61A19E00614D69 /* Info.plist */,
			);
			path = YYDealTests;
			sourceTree = "<group>";
		};
		8B2C2A901C61A19E00614D69 /* YYDealUITests */ = {
			isa = PBXGroup;
			children = (
				8B2C2A911C61A19E00614D69 /* YYDealUITests.m */,
				8B2C2A931C61A19E00614D69 /* Info.plist */,
			);
			path = YYDealUITests;
			sourceTree = "<group>";
		};
		8B8E184F1C8C7D4E0074D6F3 /* Deal */ = {
			isa = PBXGroup;
			children = (
				8B8E18501C8C7D4E0074D6F3 /* YYBusiness.h */,
				8B8E18511C8C7D4E0074D6F3 /* YYBusiness.m */,
				8B8E18521C8C7D4E0074D6F3 /* YYDeal.h */,
				8B8E18531C8C7D4E0074D6F3 /* YYDeal.m */,
			);
			path = Deal;
			sourceTree = "<group>";
		};
		8B8E18541C8C7D4E0074D6F3 /* FindDeals */ = {
			isa = PBXGroup;
			children = (
				8B8E18551C8C7D4E0074D6F3 /* YYFindDealsParam.h */,
				8B8E18561C8C7D4E0074D6F3 /* YYFindDealsParam.m */,
				8B8E18571C8C7D4E0074D6F3 /* YYFindDealsResult.h */,
				8B8E18581C8C7D4E0074D6F3 /* YYFindDealsResult.m */,
			);
			path = FindDeals;
			sourceTree = "<group>";
		};
		8B8E185D1C8C7D860074D6F3 /* MetaData */ = {
			isa = PBXGroup;
			children = (
				8B8E185E1C8C7DAC0074D6F3 /* YYCategory.h */,
				8B8E185F1C8C7DAC0074D6F3 /* YYCategory.m */,
				8B8E18611C8C7DEC0074D6F3 /* YYSort.h */,
				8B8E18621C8C7DEC0074D6F3 /* YYSort.m */,
				8B8E18641C8C7E280074D6F3 /* YYCity.h */,
				8B8E18651C8C7E280074D6F3 /* YYCity.m */,
				8B8E18671C8C7E460074D6F3 /* YYRegion.h */,
				8B8E18681C8C7E460074D6F3 /* YYRegion.m */,
				8B8E186A1C8C7E640074D6F3 /* YYCityGroup.h */,
				8B8E186B1C8C7E640074D6F3 /* YYCityGroup.m */,
			);
			path = MetaData;
			sourceTree = "<group>";
		};
		8BE50F4C1C8868AB004DEC6F /* Classes */ = {
			isa = PBXGroup;
			children = (
				8BFD65B51C8C5E6100AC5F22 /* Deals */,
				8BE50F4D1C8868AB004DEC6F /* Main */,
				8BE50F4F1C8868AB004DEC6F /* Other */,
			);
			path = Classes;
			sourceTree = "<group>";
		};
		8BE50F4D1C8868AB004DEC6F /* Main */ = {
			isa = PBXGroup;
			children = (
				8BFD65B41C8C5E1800AC5F22 /* Controller */,
				8BFBFC0D1C89EDAE00621099 /* Model */,
				8BE50F4E1C8868AB004DEC6F /* Tool */,
			);
			path = Main;
			sourceTree = "<group>";
		};
		8BE50F4E1C8868AB004DEC6F /* Tool */ = {
			isa = PBXGroup;
			children = (
				8BE50F621C88718F004DEC6F /* YYAPITool.h */,
				8BE50F631C88718F004DEC6F /* YYAPITool.m */,
				8BFBFC0A1C89ED1900621099 /* YYDealTool.h */,
				8BFBFC0B1C89ED1900621099 /* YYDealTool.m */,
				8B8E186D1C8C7EC40074D6F3 /* YYMetaDataTool.h */,
				8B8E186E1C8C7EC40074D6F3 /* YYMetaDataTool.m */,
			);
			path = Tool;
			sourceTree = "<group>";
		};
		8BE50F4F1C8868AB004DEC6F /* Other */ = {
			isa = PBXGroup;
			children = (
				8BE50F521C8868AB004DEC6F /* Category */,
				8BE50F531C8868AB004DEC6F /* Lib */,
				8BE50F501C8868AB004DEC6F /* AppDelegate.h */,
				8BE50F511C8868AB004DEC6F /* AppDelegate.m */,
				8BE50F5A1C8868AB004DEC6F /* main.m */,
				8BE50F5B1C8868AB004DEC6F /* ViewController.h */,
				8BE50F5C1C8868AB004DEC6F /* ViewController.m */,
				8BE50F671C887E95004DEC6F /* YYSingleton.h */,
			);
			path = Other;
			sourceTree = "<group>";
		};
		8BE50F521C8868AB004DEC6F /* Category */ = {
			isa = PBXGroup;
			children = (
				3A5A66DC1C96D478008C8DD3 /* UIButton+Extension.h */,
				3A5A66DD1C96D478008C8DD3 /* UIButton+Extension.m */,
				8BFAF7A31C90021B00750B58 /* UIBarButtonItem+Extension.h */,
				8BFAF7A41C90021B00750B58 /* UIBarButtonItem+Extension.m */,
				8BFD65C11C8C6ACE00AC5F22 /* UIView+AutoLayout.h */,
				8BFD65C21C8C6ACE00AC5F22 /* UIView+AutoLayout.m */,
				8BFD65C31C8C6ACE00AC5F22 /* UIView+Extension.h */,
				8BFD65C41C8C6ACE00AC5F22 /* UIView+Extension.m */,
			);
			path = Category;
			sourceTree = "<group>";
		};
		8BE50F531C8868AB004DEC6F /* Lib */ = {
			isa = PBXGroup;
			children = (
				8BFD65C71C8C6AF900AC5F22 /* AwesomeMenu */,
				8BFBFBE71C89ECE800621099 /* MJExtension */,
				8BE50F541C8868AB004DEC6F /* dianpingapi */,
			);
			path = Lib;
			sourceTree = "<group>";
		};
		8BE50F541C8868AB004DEC6F /* dianpingapi */ = {
			isa = PBXGroup;
			children = (
				8BE50F551C8868AB004DEC6F /* DPAPI.h */,
				8BE50F561C8868AB004DEC6F /* DPAPI.m */,
				8BE50F571C8868AB004DEC6F /* DPConstants.h */,
				8BE50F581C8868AB004DEC6F /* DPRequest.h */,
				8BE50F591C8868AB004DEC6F /* DPRequest.m */,
			);
			path = dianpingapi;
			sourceTree = "<group>";
		};
		8BFBFBE71C89ECE800621099 /* MJExtension */ = {
			isa = PBXGroup;
			children = (
				8BFBFBE81C89ECE800621099 /* MJArgument.h */,
				8BFBFBE91C89ECE800621099 /* MJArgument.m */,
				8BFBFBEA1C89ECE800621099 /* MJConst.h */,
				8BFBFBEB1C89ECE800621099 /* MJConst.m */,
				8BFBFBEC1C89ECE800621099 /* MJExtension.h */,
				8BFBFBED1C89ECE800621099 /* MJFoundation.h */,
				8BFBFBEE1C89ECE800621099 /* MJFoundation.m */,
				8BFBFBEF1C89ECE800621099 /* MJIvar.h */,
				8BFBFBF01C89ECE800621099 /* MJIvar.m */,
				8BFBFBF11C89ECE800621099 /* MJMember.h */,
				8BFBFBF21C89ECE800621099 /* MJMember.m */,
				8BFBFBF31C89ECE800621099 /* MJMethod.h */,
				8BFBFBF41C89ECE800621099 /* MJMethod.m */,
				8BFBFBF51C89ECE800621099 /* MJType.h */,
				8BFBFBF61C89ECE800621099 /* MJType.m */,
				8BFBFBF71C89ECE800621099 /* MJTypeEncoding.h */,
				8BFBFBF81C89ECE800621099 /* MJTypeEncoding.m */,
				8BFBFBF91C89ECE800621099 /* NSObject+MJCoding.h */,
				8BFBFBFA1C89ECE800621099 /* NSObject+MJCoding.m */,
				8BFBFBFB1C89ECE800621099 /* NSObject+MJKeyValue.h */,
				8BFBFBFC1C89ECE800621099 /* NSObject+MJKeyValue.m */,
				8BFBFBFD1C89ECE800621099 /* NSObject+MJMember.h */,
				8BFBFBFE1C89ECE800621099 /* NSObject+MJMember.m */,
			);
			path = MJExtension;
			sourceTree = "<group>";
		};
		8BFBFC0D1C89EDAE00621099 /* Model */ = {
			isa = PBXGroup;
			children = (
				8B8E185D1C8C7D860074D6F3 /* MetaData */,
				8B8E184F1C8C7D4E0074D6F3 /* Deal */,
				8B8E18541C8C7D4E0074D6F3 /* FindDeals */,
			);
			path = Model;
			sourceTree = "<group>";
		};
		8BFD65B41C8C5E1800AC5F22 /* Controller */ = {
			isa = PBXGroup;
			children = (
				8BFD65BB1C8C69B300AC5F22 /* YYMainNavigationController.h */,
				8BFD65BC1C8C69B300AC5F22 /* YYMainNavigationController.m */,
			);
			path = Controller;
			sourceTree = "<group>";
		};
		8BFD65B51C8C5E6100AC5F22 /* Deals */ = {
			isa = PBXGroup;
			children = (
				8BFD65B61C8C5E6100AC5F22 /* Controller */,
				8BFD65B81C8C5E6100AC5F22 /* View */,
			);
			path = Deals;
			sourceTree = "<group>";
		};
		8BFD65B61C8C5E6100AC5F22 /* Controller */ = {
			isa = PBXGroup;
			children = (
				8BFD65BE1C8C6A8200AC5F22 /* YYDealsViewController.h */,
				8BFD65BF1C8C6A8200AC5F22 /* YYDealsViewController.m */,
				3ADF85621C919C2300A77AA4 /* YYSortsViewController.h */,
				3ADF85631C919C2300A77AA4 /* YYSortsViewController.m */,
				3ADF85641C919C2300A77AA4 /* YYSortsViewController.xib */,
				3ADF85671C919C4400A77AA4 /* YYCategoriesViewController.h */,
				3ADF85681C919C4400A77AA4 /* YYCategoriesViewController.m */,
				3ADF856A1C919C5700A77AA4 /* YYRegionsViewController.h */,
				3ADF856B1C919C5700A77AA4 /* YYRegionsViewController.m */,
				28DA27B91CE5C29B0046A69A /* YYRegionsViewController.xib */,
				19BD15B41D6C25260083F7F7 /* YYCitiesViewController.h */,
				19BD15B51D6C25260083F7F7 /* YYCitiesViewController.m */,
				19BD15B61D6C25260083F7F7 /* YYCitiesViewController.xib */,
				19BD15C21D6C56820083F7F7 /* YYCitySearchViewController.h */,
				19BD15C31D6C56820083F7F7 /* YYCitySearchViewController.m */,
			);
			path = Controller;
			sourceTree = "<group>";
		};
		8BFD65B81C8C5E6100AC5F22 /* View */ = {
			isa = PBXGroup;
			children = (
				1978992A1D6AE0A000096096 /* YYDropDownSubCell.h */,
				1978992B1D6AE0A000096096 /* YYDropDownSubCell.m */,
				8BFAF7A61C9005C900750B58 /* YYDealsTopMenu.h */,
				8BFAF7A71C9005C900750B58 /* YYDealsTopMenu.m */,
				8BFAF7A91C9005D400750B58 /* YYDealsTopMenu.xib */,
				28DA27B41CE5BCFE0046A69A /* YYDropDownView.h */,
				28DA27B51CE5BCFE0046A69A /* YYDropDownView.m */,
				28DA27B71CE5BD1D0046A69A /* YYDropDownView.xib */,
				197899301D6AEF3300096096 /* YYDropDownViewMainCell.h */,
				197899311D6AEF3300096096 /* YYDropDownViewMainCell.m */,
			);
			path = View;
			sourceTree = "<group>";
		};
		8BFD65C71C8C6AF900AC5F22 /* AwesomeMenu */ = {
			isa = PBXGroup;
			children = (
				8BFD65C81C8C6AF900AC5F22 /* AwesomeMenu.h */,
				8BFD65C91C8C6AF900AC5F22 /* AwesomeMenu.m */,
				8BFD65CA1C8C6AF900AC5F22 /* AwesomeMenuItem.h */,
				8BFD65CB1C8C6AF900AC5F22 /* AwesomeMenuItem.m */,
			);
			path = AwesomeMenu;
			sourceTree = "<group>";
		};
/* End PBXGroup section */

/* Begin PBXNativeTarget section */
		8B2C2A681C61A19E00614D69 /* YYDeal */ = {
			isa = PBXNativeTarget;
			buildConfigurationList = 8B2C2A961C61A19E00614D69 /* Build configuration list for PBXNativeTarget "YYDeal" */;
			buildPhases = (
				8B2C2A651C61A19E00614D69 /* Sources */,
				8B2C2A661C61A19E00614D69 /* Frameworks */,
				8B2C2A671C61A19E00614D69 /* Resources */,
			);
			buildRules = (
			);
			dependencies = (
			);
			name = YYDeal;
			productName = YYDeal;
			productReference = 8B2C2A691C61A19E00614D69 /* YYDeal.app */;
			productType = "com.apple.product-type.application";
		};
		8B2C2A811C61A19E00614D69 /* YYDealTests */ = {
			isa = PBXNativeTarget;
			buildConfigurationList = 8B2C2A991C61A19E00614D69 /* Build configuration list for PBXNativeTarget "YYDealTests" */;
			buildPhases = (
				8B2C2A7E1C61A19E00614D69 /* Sources */,
				8B2C2A7F1C61A19E00614D69 /* Frameworks */,
				8B2C2A801C61A19E00614D69 /* Resources */,
			);
			buildRules = (
			);
			dependencies = (
				8B2C2A841C61A19E00614D69 /* PBXTargetDependency */,
			);
			name = YYDealTests;
			productName = YYDealTests;
			productReference = 8B2C2A821C61A19E00614D69 /* YYDealTests.xctest */;
			productType = "com.apple.product-type.bundle.unit-test";
		};
		8B2C2A8C1C61A19E00614D69 /* YYDealUITests */ = {
			isa = PBXNativeTarget;
			buildConfigurationList = 8B2C2A9C1C61A19E00614D69 /* Build configuration list for PBXNativeTarget "YYDealUITests" */;
			buildPhases = (
				8B2C2A891C61A19E00614D69 /* Sources */,
				8B2C2A8A1C61A19E00614D69 /* Frameworks */,
				8B2C2A8B1C61A19E00614D69 /* Resources */,
			);
			buildRules = (
			);
			dependencies = (
				8B2C2A8F1C61A19E00614D69 /* PBXTargetDependency */,
			);
			name = YYDealUITests;
			productName = YYDealUITests;
			productReference = 8B2C2A8D1C61A19E00614D69 /* YYDealUITests.xctest */;
			productType = "com.apple.product-type.bundle.ui-testing";
		};
/* End PBXNativeTarget section */

/* Begin PBXProject section */
		8B2C2A611C61A19E00614D69 /* Project object */ = {
			isa = PBXProject;
			attributes = {
				LastUpgradeCheck = 0720;
				ORGANIZATIONNAME = Hanrovey;
				TargetAttributes = {
					8B2C2A681C61A19E00614D69 = {
						CreatedOnToolsVersion = 7.2;
					};
					8B2C2A811C61A19E00614D69 = {
						CreatedOnToolsVersion = 7.2;
						TestTargetID = 8B2C2A681C61A19E00614D69;
					};
					8B2C2A8C1C61A19E00614D69 = {
						CreatedOnToolsVersion = 7.2;
						TestTargetID = 8B2C2A681C61A19E00614D69;
					};
				};
			};
			buildConfigurationList = 8B2C2A641C61A19E00614D69 /* Build configuration list for PBXProject "YYDeal" */;
			compatibilityVersion = "Xcode 3.2";
			developmentRegion = English;
			hasScannedForEncodings = 0;
			knownRegions = (
				en,
				Base,
			);
			mainGroup = 8B2C2A601C61A19E00614D69;
			productRefGroup = 8B2C2A6A1C61A19E00614D69 /* Products */;
			projectDirPath = "";
			projectRoot = "";
			targets = (
				8B2C2A681C61A19E00614D69 /* YYDeal */,
				8B2C2A811C61A19E00614D69 /* YYDealTests */,
				8B2C2A8C1C61A19E00614D69 /* YYDealUITests */,
			);
		};
/* End PBXProject section */

/* Begin PBXResourcesBuildPhase section */
		8B2C2A671C61A19E00614D69 /* Resources */ = {
			isa = PBXResourcesBuildPhase;
			buildActionMask = 2147483647;
			files = (
				19BD15C11D6C3AED0083F7F7 /* sorts.plist in Resources */,
				28DA27BA1CE5C29B0046A69A /* YYRegionsViewController.xib in Resources */,
				8B2C2A7C1C61A19E00614D69 /* LaunchScreen.storyboard in Resources */,
				3ADF85661C919C2300A77AA4 /* YYSortsViewController.xib in Resources */,
				19BD15BF1D6C3AED0083F7F7 /* cities.plist in Resources */,
				19BD15B81D6C25260083F7F7 /* YYCitiesViewController.xib in Resources */,
				8BFD65BA1C8C5F3400AC5F22 /* Assets.xcassets in Resources */,
				19BD15BE1D6C3AED0083F7F7 /* categories.plist in Resources */,
				8B2C2A771C61A19E00614D69 /* Main.storyboard in Resources */,
				19BD15C01D6C3AED0083F7F7 /* cityGroups.plist in Resources */,
				28DA27B81CE5BD1D0046A69A /* YYDropDownView.xib in Resources */,
				8BFAF7AA1C9005D400750B58 /* YYDealsTopMenu.xib in Resources */,
			);
			runOnlyForDeploymentPostprocessing = 0;
		};
		8B2C2A801C61A19E00614D69 /* Resources */ = {
			isa = PBXResourcesBuildPhase;
			buildActionMask = 2147483647;
			files = (
			);
			runOnlyForDeploymentPostprocessing = 0;
		};
		8B2C2A8B1C61A19E00614D69 /* Resources */ = {
			isa = PBXResourcesBuildPhase;
			buildActionMask = 2147483647;
			files = (
			);
			runOnlyForDeploymentPostprocessing = 0;
		};
/* End PBXResourcesBuildPhase section */

/* Begin PBXSourcesBuildPhase section */
		8B2C2A651C61A19E00614D69 /* Sources */ = {
			isa = PBXSourcesBuildPhase;
			buildActionMask = 2147483647;
			files = (
				8BFBFC081C89ECE800621099 /* NSObject+MJKeyValue.m in Sources */,
				8BFD65CD1C8C6AF900AC5F22 /* AwesomeMenuItem.m in Sources */,
				8BFBFC021C89ECE800621099 /* MJIvar.m in Sources */,
				8B8E18631C8C7DEC0074D6F3 /* YYSort.m in Sources */,
				8BFD65C61C8C6ACE00AC5F22 /* UIView+Extension.m in Sources */,
				8B8E185B1C8C7D4E0074D6F3 /* YYFindDealsParam.m in Sources */,
				3ADF85691C919C4400A77AA4 /* YYCategoriesViewController.m in Sources */,
				8BE50F641C88718F004DEC6F /* YYAPITool.m in Sources */,
				19BD15C41D6C56820083F7F7 /* YYCitySearchViewController.m in Sources */,
				8BE50F5E1C8868AB004DEC6F /* DPAPI.m in Sources */,
				1978992D1D6AE0A000096096 /* YYDropDownSubCell.m in Sources */,
				8BFBFC051C89ECE800621099 /* MJType.m in Sources */,
				3ADF856C1C919C5700A77AA4 /* YYRegionsViewController.m in Sources */,
				8BFD65C51C8C6ACE00AC5F22 /* UIView+AutoLayout.m in Sources */,
				8B8E185C1C8C7D4E0074D6F3 /* YYFindDealsResult.m in Sources */,
				8BFBFC001C89ECE800621099 /* MJConst.m in Sources */,
				8BFBFC011C89ECE800621099 /* MJFoundation.m in Sources */,
				8BFBFC0C1C89ED1900621099 /* YYDealTool.m in Sources */,
				28DA27B61CE5BCFE0046A69A /* YYDropDownView.m in Sources */,
				8BFBFC041C89ECE800621099 /* MJMethod.m in Sources */,
				8BFBFC091C89ECE800621099 /* NSObject+MJMember.m in Sources */,
				8BFD65BD1C8C69B300AC5F22 /* YYMainNavigationController.m in Sources */,
				8BFBFC061C89ECE800621099 /* MJTypeEncoding.m in Sources */,
				8BFBFC031C89ECE800621099 /* MJMember.m in Sources */,
				8BE50F5F1C8868AB004DEC6F /* DPRequest.m in Sources */,
				8B8E18661C8C7E280074D6F3 /* YYCity.m in Sources */,
				8BE50F601C8868AB004DEC6F /* main.m in Sources */,
				3ADF85651C919C2300A77AA4 /* YYSortsViewController.m in Sources */,
				3A5A66DE1C96D478008C8DD3 /* UIButton+Extension.m in Sources */,
				8BFAF7A81C9005C900750B58 /* YYDealsTopMenu.m in Sources */,
				8B8E18591C8C7D4E0074D6F3 /* YYBusiness.m in Sources */,
				8BFBFBFF1C89ECE800621099 /* MJArgument.m in Sources */,
				8BFD65CC1C8C6AF900AC5F22 /* AwesomeMenu.m in Sources */,
				8BE50F5D1C8868AB004DEC6F /* AppDelegate.m in Sources */,
				19BD15B71D6C25260083F7F7 /* YYCitiesViewController.m in Sources */,
				8BFD65C01C8C6A8200AC5F22 /* YYDealsViewController.m in Sources */,
				8B8E186C1C8C7E640074D6F3 /* YYCityGroup.m in Sources */,
				8B8E18691C8C7E460074D6F3 /* YYRegion.m in Sources */,
				8BFAF7A51C90021B00750B58 /* UIBarButtonItem+Extension.m in Sources */,
				8B8E185A1C8C7D4E0074D6F3 /* YYDeal.m in Sources */,
				8B8E18601C8C7DAC0074D6F3 /* YYCategory.m in Sources */,
				8BE50F611C8868AB004DEC6F /* ViewController.m in Sources */,
				8B8E186F1C8C7EC40074D6F3 /* YYMetaDataTool.m in Sources */,
				197899321D6AEF3300096096 /* YYDropDownViewMainCell.m in Sources */,
				8BFBFC071C89ECE800621099 /* NSObject+MJCoding.m in Sources */,
			);
			runOnlyForDeploymentPostprocessing = 0;
		};
		8B2C2A7E1C61A19E00614D69 /* Sources */ = {
			isa = PBXSourcesBuildPhase;
			buildActionMask = 2147483647;
			files = (
				8B2C2A871C61A19E00614D69 /* YYDealTests.m in Sources */,
			);
			runOnlyForDeploymentPostprocessing = 0;
		};
		8B2C2A891C61A19E00614D69 /* Sources */ = {
			isa = PBXSourcesBuildPhase;
			buildActionMask = 2147483647;
			files = (
				8B2C2A921C61A19E00614D69 /* YYDealUITests.m in Sources */,
			);
			runOnlyForDeploymentPostprocessing = 0;
		};
/* End PBXSourcesBuildPhase section */

/* Begin PBXTargetDependency section */
		8B2C2A841C61A19E00614D69 /* PBXTargetDependency */ = {
			isa = PBXTargetDependency;
			target = 8B2C2A681C61A19E00614D69 /* YYDeal */;
			targetProxy = 8B2C2A831C61A19E00614D69 /* PBXContainerItemProxy */;
		};
		8B2C2A8F1C61A19E00614D69 /* PBXTargetDependency */ = {
			isa = PBXTargetDependency;
			target = 8B2C2A681C61A19E00614D69 /* YYDeal */;
			targetProxy = 8B2C2A8E1C61A19E00614D69 /* PBXContainerItemProxy */;
		};
/* End PBXTargetDependency section */

/* Begin PBXVariantGroup section */
		8B2C2A751C61A19E00614D69 /* Main.storyboard */ = {
			isa = PBXVariantGroup;
			children = (
				8B2C2A761C61A19E00614D69 /* Base */,
			);
			name = Main.storyboard;
			sourceTree = "<group>";
		};
		8B2C2A7A1C61A19E00614D69 /* LaunchScreen.storyboard */ = {
			isa = PBXVariantGroup;
			children = (
				8B2C2A7B1C61A19E00614D69 /* Base */,
			);
			name = LaunchScreen.storyboard;
			sourceTree = "<group>";
		};
/* End PBXVariantGroup section */

/* Begin XCBuildConfiguration section */
		8B2C2A941C61A19E00614D69 /* Debug */ = {
			isa = XCBuildConfiguration;
			buildSettings = {
				ALWAYS_SEARCH_USER_PATHS = NO;
				CLANG_CXX_LANGUAGE_STANDARD = "gnu++0x";
				CLANG_CXX_LIBRARY = "libc++";
				CLANG_ENABLE_MODULES = YES;
				CLANG_ENABLE_OBJC_ARC = YES;
				CLANG_WARN_BOOL_CONVERSION = YES;
				CLANG_WARN_CONSTANT_CONVERSION = YES;
				CLANG_WARN_DIRECT_OBJC_ISA_USAGE = YES_ERROR;
				CLANG_WARN_EMPTY_BODY = YES;
				CLANG_WARN_ENUM_CONVERSION = YES;
				CLANG_WARN_INT_CONVERSION = YES;
				CLANG_WARN_OBJC_ROOT_CLASS = YES_ERROR;
				CLANG_WARN_UNREACHABLE_CODE = YES;
				CLANG_WARN__DUPLICATE_METHOD_MATCH = YES;
				"CODE_SIGN_IDENTITY[sdk=iphoneos*]" = "iPhone Developer";
				COPY_PHASE_STRIP = NO;
				DEBUG_INFORMATION_FORMAT = dwarf;
				ENABLE_STRICT_OBJC_MSGSEND = YES;
				ENABLE_TESTABILITY = YES;
				GCC_C_LANGUAGE_STANDARD = gnu99;
				GCC_DYNAMIC_NO_PIC = NO;
				GCC_NO_COMMON_BLOCKS = YES;
				GCC_OPTIMIZATION_LEVEL = 0;
				GCC_PREPROCESSOR_DEFINITIONS = (
					"DEBUG=1",
					"$(inherited)",
				);
				GCC_WARN_64_TO_32_BIT_CONVERSION = YES;
				GCC_WARN_ABOUT_RETURN_TYPE = YES_ERROR;
				GCC_WARN_UNDECLARED_SELECTOR = YES;
				GCC_WARN_UNINITIALIZED_AUTOS = YES_AGGRESSIVE;
				GCC_WARN_UNUSED_FUNCTION = YES;
				GCC_WARN_UNUSED_VARIABLE = YES;
				IPHONEOS_DEPLOYMENT_TARGET = 9.2;
				MTL_ENABLE_DEBUG_INFO = YES;
				ONLY_ACTIVE_ARCH = YES;
				SDKROOT = iphoneos;
				TARGETED_DEVICE_FAMILY = 2;
			};
			name = Debug;
		};
		8B2C2A951C61A19E00614D69 /* Release */ = {
			isa = XCBuildConfiguration;
			buildSettings = {
				ALWAYS_SEARCH_USER_PATHS = NO;
				CLANG_CXX_LANGUAGE_STANDARD = "gnu++0x";
				CLANG_CXX_LIBRARY = "libc++";
				CLANG_ENABLE_MODULES = YES;
				CLANG_ENABLE_OBJC_ARC = YES;
				CLANG_WARN_BOOL_CONVERSION = YES;
				CLANG_WARN_CONSTANT_CONVERSION = YES;
				CLANG_WARN_DIRECT_OBJC_ISA_USAGE = YES_ERROR;
				CLANG_WARN_EMPTY_BODY = YES;
				CLANG_WARN_ENUM_CONVERSION = YES;
				CLANG_WARN_INT_CONVERSION = YES;
				CLANG_WARN_OBJC_ROOT_CLASS = YES_ERROR;
				CLANG_WARN_UNREACHABLE_CODE = YES;
				CLANG_WARN__DUPLICATE_METHOD_MATCH = YES;
				"CODE_SIGN_IDENTITY[sdk=iphoneos*]" = "iPhone Developer";
				COPY_PHASE_STRIP = NO;
				DEBUG_INFORMATION_FORMAT = "dwarf-with-dsym";
				ENABLE_NS_ASSERTIONS = NO;
				ENABLE_STRICT_OBJC_MSGSEND = YES;
				GCC_C_LANGUAGE_STANDARD = gnu99;
				GCC_NO_COMMON_BLOCKS = YES;
				GCC_WARN_64_TO_32_BIT_CONVERSION = YES;
				GCC_WARN_ABOUT_RETURN_TYPE = YES_ERROR;
				GCC_WARN_UNDECLARED_SELECTOR = YES;
				GCC_WARN_UNINITIALIZED_AUTOS = YES_AGGRESSIVE;
				GCC_WARN_UNUSED_FUNCTION = YES;
				GCC_WARN_UNUSED_VARIABLE = YES;
				IPHONEOS_DEPLOYMENT_TARGET = 9.2;
				MTL_ENABLE_DEBUG_INFO = NO;
				SDKROOT = iphoneos;
				TARGETED_DEVICE_FAMILY = 2;
				VALIDATE_PRODUCT = YES;
			};
			name = Release;
		};
		8B2C2A971C61A19E00614D69 /* Debug */ = {
			isa = XCBuildConfiguration;
			buildSettings = {
				ASSETCATALOG_COMPILER_APPICON_NAME = AppIcon;
				ASSETCATALOG_COMPILER_LAUNCHIMAGE_NAME = LaunchImage;
				GCC_PREFIX_HEADER = "$(SRCROOT)//YYDeal/YYDeal-Prefix.pch";
				INFOPLIST_FILE = YYDeal/Info.plist;
				IPHONEOS_DEPLOYMENT_TARGET = 8.3;
				LD_RUNPATH_SEARCH_PATHS = "$(inherited) @executable_path/Frameworks";
				PRODUCT_BUNDLE_IDENTIFIER = Hanrovey.YYDeal;
				PRODUCT_NAME = "$(TARGET_NAME)";
				PROVISIONING_PROFILE = "";
			};
			name = Debug;
		};
		8B2C2A981C61A19E00614D69 /* Release */ = {
			isa = XCBuildConfiguration;
			buildSettings = {
				ASSETCATALOG_COMPILER_APPICON_NAME = AppIcon;
				ASSETCATALOG_COMPILER_LAUNCHIMAGE_NAME = LaunchImage;
				GCC_PREFIX_HEADER = "$(SRCROOT)//YYDeal/YYDeal-Prefix.pch";
				INFOPLIST_FILE = YYDeal/Info.plist;
				IPHONEOS_DEPLOYMENT_TARGET = 8.3;
				LD_RUNPATH_SEARCH_PATHS = "$(inherited) @executable_path/Frameworks";
				PRODUCT_BUNDLE_IDENTIFIER = Hanrovey.YYDeal;
				PRODUCT_NAME = "$(TARGET_NAME)";
				PROVISIONING_PROFILE = "";
			};
			name = Release;
		};
		8B2C2A9A1C61A19E00614D69 /* Debug */ = {
			isa = XCBuildConfiguration;
			buildSettings = {
				BUNDLE_LOADER = "$(TEST_HOST)";
				INFOPLIST_FILE = YYDealTests/Info.plist;
				LD_RUNPATH_SEARCH_PATHS = "$(inherited) @executable_path/Frameworks @loader_path/Frameworks";
				PRODUCT_BUNDLE_IDENTIFIER = Hanrovey.YYDealTests;
				PRODUCT_NAME = "$(TARGET_NAME)";
				TEST_HOST = "$(BUILT_PRODUCTS_DIR)/YYDeal.app/YYDeal";
			};
			name = Debug;
		};
		8B2C2A9B1C61A19E00614D69 /* Release */ = {
			isa = XCBuildConfiguration;
			buildSettings = {
				BUNDLE_LOADER = "$(TEST_HOST)";
				INFOPLIST_FILE = YYDealTests/Info.plist;
				LD_RUNPATH_SEARCH_PATHS = "$(inherited) @executable_path/Frameworks @loader_path/Frameworks";
				PRODUCT_BUNDLE_IDENTIFIER = Hanrovey.YYDealTests;
				PRODUCT_NAME = "$(TARGET_NAME)";
				TEST_HOST = "$(BUILT_PRODUCTS_DIR)/YYDeal.app/YYDeal";
			};
			name = Release;
		};
		8B2C2A9D1C61A19E00614D69 /* Debug */ = {
			isa = XCBuildConfiguration;
			buildSettings = {
				INFOPLIST_FILE = YYDealUITests/Info.plist;
				LD_RUNPATH_SEARCH_PATHS = "$(inherited) @executable_path/Frameworks @loader_path/Frameworks";
				PRODUCT_BUNDLE_IDENTIFIER = Hanrovey.YYDealUITests;
				PRODUCT_NAME = "$(TARGET_NAME)";
				TEST_TARGET_NAME = YYDeal;
				USES_XCTRUNNER = YES;
			};
			name = Debug;
		};
		8B2C2A9E1C61A19E00614D69 /* Release */ = {
			isa = XCBuildConfiguration;
			buildSettings = {
				INFOPLIST_FILE = YYDealUITests/Info.plist;
				LD_RUNPATH_SEARCH_PATHS = "$(inherited) @executable_path/Frameworks @loader_path/Frameworks";
				PRODUCT_BUNDLE_IDENTIFIER = Hanrovey.YYDealUITests;
				PRODUCT_NAME = "$(TARGET_NAME)";
				TEST_TARGET_NAME = YYDeal;
				USES_XCTRUNNER = YES;
			};
			name = Release;
		};
/* End XCBuildConfiguration section */

/* Begin XCConfigurationList section */
		8B2C2A641C61A19E00614D69 /* Build configuration list for PBXProject "YYDeal" */ = {
			isa = XCConfigurationList;
			buildConfigurations = (
				8B2C2A941C61A19E00614D69 /* Debug */,
				8B2C2A951C61A19E00614D69 /* Release */,
			);
			defaultConfigurationIsVisible = 0;
			defaultConfigurationName = Release;
		};
		8B2C2A961C61A19E00614D69 /* Build configuration list for PBXNativeTarget "YYDeal" */ = {
			isa = XCConfigurationList;
			buildConfigurations = (
				8B2C2A971C61A19E00614D69 /* Debug */,
				8B2C2A981C61A19E00614D69 /* Release */,
			);
			defaultConfigurationIsVisible = 0;
			defaultConfigurationName = Release;
		};
		8B2C2A991C61A19E00614D69 /* Build configuration list for PBXNativeTarget "YYDealTests" */ = {
			isa = XCConfigurationList;
			buildConfigurations = (
				8B2C2A9A1C61A19E00614D69 /* Debug */,
				8B2C2A9B1C61A19E00614D69 /* Release */,
			);
			defaultConfigurationIsVisible = 0;
			defaultConfigurationName = Release;
		};
		8B2C2A9C1C61A19E00614D69 /* Build configuration list for PBXNativeTarget "YYDealUITests" */ = {
			isa = XCConfigurationList;
			buildConfigurations = (
				8B2C2A9D1C61A19E00614D69 /* Debug */,
				8B2C2A9E1C61A19E00614D69 /* Release */,
			);
			defaultConfigurationIsVisible = 0;
			defaultConfigurationName = Release;
		};
/* End XCConfigurationList section */
	};
	rootObject = 8B2C2A611C61A19E00614D69 /* Project object */;
}
