// !$*UTF8*$!
{
	archiveVersion = 1;
	classes = {
	};
	objectVersion = 46;
	objects = {

/* Begin PBXBuildFile section */
		8B2C2A771C61A19E00614D69 /* Main.storyboard in Resources */ = {isa = PBXBuildFile; fileRef = 8B2C2A751C61A19E00614D69 /* Main.storyboard */; };
		8B2C2A791C61A19E00614D69 /* Assets.xcassets in Resources */ = {isa = PBXBuildFile; fileRef = 8B2C2A781C61A19E00614D69 /* Assets.xcassets */; };
		8B2C2A7C1C61A19E00614D69 /* LaunchScreen.storyboard in Resources */ = {isa = PBXBuildFile; fileRef = 8B2C2A7A1C61A19E00614D69 /* LaunchScreen.storyboard */; };
		8B2C2A871C61A19E00614D69 /* YYDealTests.m in Sources */ = {isa = PBXBuildFile; fileRef = 8B2C2A861C61A19E00614D69 /* YYDealTests.m */; };
		8B2C2A921C61A19E00614D69 /* YYDealUITests.m in Sources */ = {isa = PBXBuildFile; fileRef = 8B2C2A911C61A19E00614D69 /* YYDealUITests.m */; };
		8BE50F5D1C8868AB004DEC6F /* AppDelegate.m in Sources */ = {isa = PBXBuildFile; fileRef = 8BE50F511C8868AB004DEC6F /* AppDelegate.m */; };
		8BE50F5E1C8868AB004DEC6F /* DPAPI.m in Sources */ = {isa = PBXBuildFile; fileRef = 8BE50F561C8868AB004DEC6F /* DPAPI.m */; };
		8BE50F5F1C8868AB004DEC6F /* DPRequest.m in Sources */ = {isa = PBXBuildFile; fileRef = 8BE50F591C8868AB004DEC6F /* DPRequest.m */; };
		8BE50F601C8868AB004DEC6F /* main.m in Sources */ = {isa = PBXBuildFile; fileRef = 8BE50F5A1C8868AB004DEC6F /* main.m */; };
		8BE50F611C8868AB004DEC6F /* ViewController.m in Sources */ = {isa = PBXBuildFile; fileRef = 8BE50F5C1C8868AB004DEC6F /* ViewController.m */; };
/* End PBXBuildFile section */

/* Begin PBXContainerItemProxy section */
		8B2C2A831C61A19E00614D69 /* PBXContainerItemProxy */ = {
			isa = PBXContainerItemProxy;
			containerPortal = 8B2C2A611C61A19E00614D69 /* Project object */;
			proxyType = 1;
			remoteGlobalIDString = 8B2C2A681C61A19E00614D69;
			remoteInfo = YYDeal;
		};
		8B2C2A8E1C61A19E00614D69 /* PBXContainerItemProxy */ = {
			isa = PBXContainerItemProxy;
			containerPortal = 8B2C2A611C61A19E00614D69 /* Project object */;
			proxyType = 1;
			remoteGlobalIDString = 8B2C2A681C61A19E00614D69;
			remoteInfo = YYDeal;
		};
/* End PBXContainerItemProxy section */

/* Begin PBXFileReference section */
		8B2C2A691C61A19E00614D69 /* YYDeal.app */ = {isa = PBXFileReference; explicitFileType = wrapper.application; includeInIndex = 0; path = YYDeal.app; sourceTree = BUILT_PRODUCTS_DIR; };
		8B2C2A761C61A19E00614D69 /* Base */ = {isa = PBXFileReference; lastKnownFileType = file.storyboard; name = Base; path = Base.lproj/Main.storyboard; sourceTree = "<group>"; };
		8B2C2A781C61A19E00614D69 /* Assets.xcassets */ = {isa = PBXFileReference; lastKnownFileType = folder.assetcatalog; path = Assets.xcassets; sourceTree = "<group>"; };
		8B2C2A7B1C61A19E00614D69 /* Base */ = {isa = PBXFileReference; lastKnownFileType = file.storyboard; name = Base; path = Base.lproj/LaunchScreen.storyboard; sourceTree = "<group>"; };
		8B2C2A7D1C61A19E00614D69 /* Info.plist */ = {isa = PBXFileReference; lastKnownFileType = text.plist.xml; path = Info.plist; sourceTree = "<group>"; };
		8B2C2A821C61A19E00614D69 /* YYDealTests.xctest */ = {isa = PBXFileReference; explicitFileType = wrapper.cfbundle; includeInIndex = 0; path = YYDealTests.xctest; sourceTree = BUILT_PRODUCTS_DIR; };
		8B2C2A861C61A19E00614D69 /* YYDealTests.m */ = {isa = PBXFileReference; lastKnownFileType = sourcecode.c.objc; path = YYDealTests.m; sourceTree = "<group>"; };
		8B2C2A881C61A19E00614D69 /* Info.plist */ = {isa = PBXFileReference; lastKnownFileType = text.plist.xml; path = Info.plist; sourceTree = "<group>"; };
		8B2C2A8D1C61A19E00614D69 /* YYDealUITests.xctest */ = {isa = PBXFileReference; explicitFileType = wrapper.cfbundle; includeInIndex = 0; path = YYDealUITests.xctest; sourceTree = BUILT_PRODUCTS_DIR; };
		8B2C2A911C61A19E00614D69 /* YYDealUITests.m */ = {isa = PBXFileReference; lastKnownFileType = sourcecode.c.objc; path = YYDealUITests.m; sourceTree = "<group>"; };
		8B2C2A931C61A19E00614D69 /* Info.plist */ = {isa = PBXFileReference; lastKnownFileType = text.plist.xml; path = Info.plist; sourceTree = "<group>"; };
		8BE50F501C8868AB004DEC6F /* AppDelegate.h */ = {isa = PBXFileReference; fileEncoding = 4; lastKnownFileType = sourcecode.c.h; path = AppDelegate.h; sourceTree = "<group>"; };
		8BE50F511C8868AB004DEC6F /* AppDelegate.m */ = {isa = PBXFileReference; fileEncoding = 4; lastKnownFileType = sourcecode.c.objc; path = AppDelegate.m; sourceTree = "<group>"; };
		8BE50F551C8868AB004DEC6F /* DPAPI.h */ = {isa = PBXFileReference; fileEncoding = 4; lastKnownFileType = sourcecode.c.h; path = DPAPI.h; sourceTree = "<group>"; };
		8BE50F561C8868AB004DEC6F /* DPAPI.m */ = {isa = PBXFileReference; fileEncoding = 4; lastKnownFileType = sourcecode.c.objc; path = DPAPI.m; sourceTree = "<group>"; };
		8BE50F571C8868AB004DEC6F /* DPConstants.h */ = {isa = PBXFileReference; fileEncoding = 4; lastKnownFileType = sourcecode.c.h; path = DPConstants.h; sourceTree = "<group>"; };
		8BE50F581C8868AB004DEC6F /* DPRequest.h */ = {isa = PBXFileReference; fileEncoding = 4; lastKnownFileType = sourcecode.c.h; path = DPRequest.h; sourceTree = "<group>"; };
		8BE50F591C8868AB004DEC6F /* DPRequest.m */ = {isa = PBXFileReference; fileEncoding = 4; lastKnownFileType = sourcecode.c.objc; path = DPRequest.m; sourceTree = "<group>"; };
		8BE50F5A1C8868AB004DEC6F /* main.m */ = {isa = PBXFileReference; fileEncoding = 4; lastKnownFileType = sourcecode.c.objc; path = main.m; sourceTree = "<group>"; };
		8BE50F5B1C8868AB004DEC6F /* ViewController.h */ = {isa = PBXFileReference; fileEncoding = 4; lastKnownFileType = sourcecode.c.h; path = ViewController.h; sourceTree = "<group>"; };
		8BE50F5C1C8868AB004DEC6F /* ViewController.m */ = {isa = PBXFileReference; fileEncoding = 4; lastKnownFileType = sourcecode.c.objc; path = ViewController.m; sourceTree = "<group>"; };
/* End PBXFileReference section */

/* Begin PBXFrameworksBuildPhase section */
		8B2C2A661C61A19E00614D69 /* Frameworks */ = {
			isa = PBXFrameworksBuildPhase;
			buildActionMask = 2147483647;
			files = (
			);
			runOnlyForDeploymentPostprocessing = 0;
		};
		8B2C2A7F1C61A19E00614D69 /* Frameworks */ = {
			isa = PBXFrameworksBuildPhase;
			buildActionMask = 2147483647;
			files = (
			);
			runOnlyForDeploymentPostprocessing = 0;
		};
		8B2C2A8A1C61A19E00614D69 /* Frameworks */ = {
			isa = PBXFrameworksBuildPhase;
			buildActionMask = 2147483647;
			files = (
			);
			runOnlyForDeploymentPostprocessing = 0;
		};
/* End PBXFrameworksBuildPhase section */

/* Begin PBXGroup section */
		8B2C2A601C61A19E00614D69 = {
			isa = PBXGroup;
			children = (
				8B2C2A6B1C61A19E00614D69 /* YYDeal */,
				8B2C2A851C61A19E00614D69 /* YYDealTests */,
				8B2C2A901C61A19E00614D69 /* YYDealUITests */,
				8B2C2A6A1C61A19E00614D69 /* Products */,
			);
			sourceTree = "<group>";
		};
		8B2C2A6A1C61A19E00614D69 /* Products */ = {
			isa = PBXGroup;
			children = (
				8B2C2A691C61A19E00614D69 /* YYDeal.app */,
				8B2C2A821C61A19E00614D69 /* YYDealTests.xctest */,
				8B2C2A8D1C61A19E00614D69 /* YYDealUITests.xctest */,
			);
			name = Products;
			sourceTree = "<group>";
		};
		8B2C2A6B1C61A19E00614D69 /* YYDeal */ = {
			isa = PBXGroup;
			children = (
				8BE50F4C1C8868AB004DEC6F /* Classes */,
				8B2C2A6C1C61A19E00614D69 /* Supporting Files */,
			);
			path = YYDeal;
			sourceTree = "<group>";
		};
		8B2C2A6C1C61A19E00614D69 /* Supporting Files */ = {
			isa = PBXGroup;
			children = (
				8B2C2A751C61A19E00614D69 /* Main.storyboard */,
				8B2C2A781C61A19E00614D69 /* Assets.xcassets */,
				8B2C2A7A1C61A19E00614D69 /* LaunchScreen.storyboard */,
				8B2C2A7D1C61A19E00614D69 /* Info.plist */,
			);
			name = "Supporting Files";
			sourceTree = "<group>";
		};
		8B2C2A851C61A19E00614D69 /* YYDealTests */ = {
			isa = PBXGroup;
			children = (
				8B2C2A861C61A19E00614D69 /* YYDealTests.m */,
				8B2C2A881C61A19E00614D69 /* Info.plist */,
			);
			path = YYDealTests;
			sourceTree = "<group>";
		};
		8B2C2A901C61A19E00614D69 /* YYDealUITests */ = {
			isa = PBXGroup;
			children = (
				8B2C2A911C61A19E00614D69 /* YYDealUITests.m */,
				8B2C2A931C61A19E00614D69 /* Info.plist */,
			);
			path = YYDealUITests;
			sourceTree = "<group>";
		};
		8BE50F4C1C8868AB004DEC6F /* Classes */ = {
			isa = PBXGroup;
			children = (
				8BE50F4D1C8868AB004DEC6F /* Main */,
				8BE50F4F1C8868AB004DEC6F /* Other */,
			);
			path = Classes;
			sourceTree = "<group>";
		};
		8BE50F4D1C8868AB004DEC6F /* Main */ = {
			isa = PBXGroup;
			children = (
				8BE50F4E1C8868AB004DEC6F /* Tool */,
			);
			path = Main;
			sourceTree = "<group>";
		};
		8BE50F4E1C8868AB004DEC6F /* Tool */ = {
			isa = PBXGroup;
			children = (
			);
			path = Tool;
			sourceTree = "<group>";
		};
		8BE50F4F1C8868AB004DEC6F /* Other */ = {
			isa = PBXGroup;
			children = (
				8BE50F501C8868AB004DEC6F /* AppDelegate.h */,
				8BE50F511C8868AB004DEC6F /* AppDelegate.m */,
				8BE50F521C8868AB004DEC6F /* Category */,
				8BE50F531C8868AB004DEC6F /* Lib */,
				8BE50F5A1C8868AB004DEC6F /* main.m */,
				8BE50F5B1C8868AB004DEC6F /* ViewController.h */,
				8BE50F5C1C8868AB004DEC6F /* ViewController.m */,
			);
			path = Other;
			sourceTree = "<group>";
		};
		8BE50F521C8868AB004DEC6F /* Category */ = {
			isa = PBXGroup;
			children = (
			);
			path = Category;
			sourceTree = "<group>";
		};
		8BE50F531C8868AB004DEC6F /* Lib */ = {
			isa = PBXGroup;
			children = (
				8BE50F541C8868AB004DEC6F /* dianpingapi */,
			);
			path = Lib;
			sourceTree = "<group>";
		};
		8BE50F541C8868AB004DEC6F /* dianpingapi */ = {
			isa = PBXGroup;
			children = (
				8BE50F551C8868AB004DEC6F /* DPAPI.h */,
				8BE50F561C8868AB004DEC6F /* DPAPI.m */,
				8BE50F571C8868AB004DEC6F /* DPConstants.h */,
				8BE50F581C8868AB004DEC6F /* DPRequest.h */,
				8BE50F591C8868AB004DEC6F /* DPRequest.m */,
			);
			path = dianpingapi;
			sourceTree = "<group>";
		};
/* End PBXGroup section */

/* Begin PBXNativeTarget section */
		8B2C2A681C61A19E00614D69 /* YYDeal */ = {
			isa = PBXNativeTarget;
			buildConfigurationList = 8B2C2A961C61A19E00614D69 /* Build configuration list for PBXNativeTarget "YYDeal" */;
			buildPhases = (
				8B2C2A651C61A19E00614D69 /* Sources */,
				8B2C2A661C61A19E00614D69 /* Frameworks */,
				8B2C2A671C61A19E00614D69 /* Resources */,
			);
			buildRules = (
			);
			dependencies = (
			);
			name = YYDeal;
			productName = YYDeal;
			productReference = 8B2C2A691C61A19E00614D69 /* YYDeal.app */;
			productType = "com.apple.product-type.application";
		};
		8B2C2A811C61A19E00614D69 /* YYDealTests */ = {
			isa = PBXNativeTarget;
			buildConfigurationList = 8B2C2A991C61A19E00614D69 /* Build configuration list for PBXNativeTarget "YYDealTests" */;
			buildPhases = (
				8B2C2A7E1C61A19E00614D69 /* Sources */,
				8B2C2A7F1C61A19E00614D69 /* Frameworks */,
				8B2C2A801C61A19E00614D69 /* Resources */,
			);
			buildRules = (
			);
			dependencies = (
				8B2C2A841C61A19E00614D69 /* PBXTargetDependency */,
			);
			name = YYDealTests;
			productName = YYDealTests;
			productReference = 8B2C2A821C61A19E00614D69 /* YYDealTests.xctest */;
			productType = "com.apple.product-type.bundle.unit-test";
		};
		8B2C2A8C1C61A19E00614D69 /* YYDealUITests */ = {
			isa = PBXNativeTarget;
			buildConfigurationList = 8B2C2A9C1C61A19E00614D69 /* Build configuration list for PBXNativeTarget "YYDealUITests" */;
			buildPhases = (
				8B2C2A891C61A19E00614D69 /* Sources */,
				8B2C2A8A1C61A19E00614D69 /* Frameworks */,
				8B2C2A8B1C61A19E00614D69 /* Resources */,
			);
			buildRules = (
			);
			dependencies = (
				8B2C2A8F1C61A19E00614D69 /* PBXTargetDependency */,
			);
			name = YYDealUITests;
			productName = YYDealUITests;
			productReference = 8B2C2A8D1C61A19E00614D69 /* YYDealUITests.xctest */;
			productType = "com.apple.product-type.bundle.ui-testing";
		};
/* End PBXNativeTarget section */

/* Begin PBXProject section */
		8B2C2A611C61A19E00614D69 /* Project object */ = {
			isa = PBXProject;
			attributes = {
				LastUpgradeCheck = 0720;
				ORGANIZATIONNAME = Hanrovey;
				TargetAttributes = {
					8B2C2A681C61A19E00614D69 = {
						CreatedOnToolsVersion = 7.2;
					};
					8B2C2A811C61A19E00614D69 = {
						CreatedOnToolsVersion = 7.2;
						TestTargetID = 8B2C2A681C61A19E00614D69;
					};
					8B2C2A8C1C61A19E00614D69 = {
						CreatedOnToolsVersion = 7.2;
						TestTargetID = 8B2C2A681C61A19E00614D69;
					};
				};
			};
			buildConfigurationList = 8B2C2A641C61A19E00614D69 /* Build configuration list for PBXProject "YYDeal" */;
			compatibilityVersion = "Xcode 3.2";
			developmentRegion = English;
			hasScannedForEncodings = 0;
			knownRegions = (
				en,
				Base,
			);
			mainGroup = 8B2C2A601C61A19E00614D69;
			productRefGroup = 8B2C2A6A1C61A19E00614D69 /* Products */;
			projectDirPath = "";
			projectRoot = "";
			targets = (
				8B2C2A681C61A19E00614D69 /* YYDeal */,
				8B2C2A811C61A19E00614D69 /* YYDealTests */,
				8B2C2A8C1C61A19E00614D69 /* YYDealUITests */,
			);
		};
/* End PBXProject section */

/* Begin PBXResourcesBuildPhase section */
		8B2C2A671C61A19E00614D69 /* Resources */ = {
			isa = PBXResourcesBuildPhase;
			buildActionMask = 2147483647;
			files = (
				8B2C2A7C1C61A19E00614D69 /* LaunchScreen.storyboard in Resources */,
				8B2C2A791C61A19E00614D69 /* Assets.xcassets in Resources */,
				8B2C2A771C61A19E00614D69 /* Main.storyboard in Resources */,
			);
			runOnlyForDeploymentPostprocessing = 0;
		};
		8B2C2A801C61A19E00614D69 /* Resources */ = {
			isa = PBXResourcesBuildPhase;
			buildActionMask = 2147483647;
			files = (
			);
			runOnlyForDeploymentPostprocessing = 0;
		};
		8B2C2A8B1C61A19E00614D69 /* Resources */ = {
			isa = PBXResourcesBuildPhase;
			buildActionMask = 2147483647;
			files = (
			);
			runOnlyForDeploymentPostprocessing = 0;
		};
/* End PBXResourcesBuildPhase section */

/* Begin PBXSourcesBuildPhase section */
		8B2C2A651C61A19E00614D69 /* Sources */ = {
			isa = PBXSourcesBuildPhase;
			buildActionMask = 2147483647;
			files = (
				8BE50F5E1C8868AB004DEC6F /* DPAPI.m in Sources */,
				8BE50F5F1C8868AB004DEC6F /* DPRequest.m in Sources */,
				8BE50F601C8868AB004DEC6F /* main.m in Sources */,
				8BE50F5D1C8868AB004DEC6F /* AppDelegate.m in Sources */,
				8BE50F611C8868AB004DEC6F /* ViewController.m in Sources */,
			);
			runOnlyForDeploymentPostprocessing = 0;
		};
		8B2C2A7E1C61A19E00614D69 /* Sources */ = {
			isa = PBXSourcesBuildPhase;
			buildActionMask = 2147483647;
			files = (
				8B2C2A871C61A19E00614D69 /* YYDealTests.m in Sources */,
			);
			runOnlyForDeploymentPostprocessing = 0;
		};
		8B2C2A891C61A19E00614D69 /* Sources */ = {
			isa = PBXSourcesBuildPhase;
			buildActionMask = 2147483647;
			files = (
				8B2C2A921C61A19E00614D69 /* YYDealUITests.m in Sources */,
			);
			runOnlyForDeploymentPostprocessing = 0;
		};
/* End PBXSourcesBuildPhase section */

/* Begin PBXTargetDependency section */
		8B2C2A841C61A19E00614D69 /* PBXTargetDependency */ = {
			isa = PBXTargetDependency;
			target = 8B2C2A681C61A19E00614D69 /* YYDeal */;
			targetProxy = 8B2C2A831C61A19E00614D69 /* PBXContainerItemProxy */;
		};
		8B2C2A8F1C61A19E00614D69 /* PBXTargetDependency */ = {
			isa = PBXTargetDependency;
			target = 8B2C2A681C61A19E00614D69 /* YYDeal */;
			targetProxy = 8B2C2A8E1C61A19E00614D69 /* PBXContainerItemProxy */;
		};
/* End PBXTargetDependency section */

/* Begin PBXVariantGroup section */
		8B2C2A751C61A19E00614D69 /* Main.storyboard */ = {
			isa = PBXVariantGroup;
			children = (
				8B2C2A761C61A19E00614D69 /* Base */,
			);
			name = Main.storyboard;
			sourceTree = "<group>";
		};
		8B2C2A7A1C61A19E00614D69 /* LaunchScreen.storyboard */ = {
			isa = PBXVariantGroup;
			children = (
				8B2C2A7B1C61A19E00614D69 /* Base */,
			);
			name = LaunchScreen.storyboard;
			sourceTree = "<group>";
		};
/* End PBXVariantGroup section */

/* Begin XCBuildConfiguration section */
		8B2C2A941C61A19E00614D69 /* Debug */ = {
			isa = XCBuildConfiguration;
			buildSettings = {
				ALWAYS_SEARCH_USER_PATHS = NO;
				CLANG_CXX_LANGUAGE_STANDARD = "gnu++0x";
				CLANG_CXX_LIBRARY = "libc++";
				CLANG_ENABLE_MODULES = YES;
				CLANG_ENABLE_OBJC_ARC = YES;
				CLANG_WARN_BOOL_CONVERSION = YES;
				CLANG_WARN_CONSTANT_CONVERSION = YES;
				CLANG_WARN_DIRECT_OBJC_ISA_USAGE = YES_ERROR;
				CLANG_WARN_EMPTY_BODY = YES;
				CLANG_WARN_ENUM_CONVERSION = YES;
				CLANG_WARN_INT_CONVERSION = YES;
				CLANG_WARN_OBJC_ROOT_CLASS = YES_ERROR;
				CLANG_WARN_UNREACHABLE_CODE = YES;
				CLANG_WARN__DUPLICATE_METHOD_MATCH = YES;
				"CODE_SIGN_IDENTITY[sdk=iphoneos*]" = "iPhone Developer";
				COPY_PHASE_STRIP = NO;
				DEBUG_INFORMATION_FORMAT = dwarf;
				ENABLE_STRICT_OBJC_MSGSEND = YES;
				ENABLE_TESTABILITY = YES;
				GCC_C_LANGUAGE_STANDARD = gnu99;
				GCC_DYNAMIC_NO_PIC = NO;
				GCC_NO_COMMON_BLOCKS = YES;
				GCC_OPTIMIZATION_LEVEL = 0;
				GCC_PREPROCESSOR_DEFINITIONS = (
					"DEBUG=1",
					"$(inherited)",
				);
				GCC_WARN_64_TO_32_BIT_CONVERSION = YES;
				GCC_WARN_ABOUT_RETURN_TYPE = YES_ERROR;
				GCC_WARN_UNDECLARED_SELECTOR = YES;
				GCC_WARN_UNINITIALIZED_AUTOS = YES_AGGRESSIVE;
				GCC_WARN_UNUSED_FUNCTION = YES;
				GCC_WARN_UNUSED_VARIABLE = YES;
				IPHONEOS_DEPLOYMENT_TARGET = 9.2;
				MTL_ENABLE_DEBUG_INFO = YES;
				ONLY_ACTIVE_ARCH = YES;
				SDKROOT = iphoneos;
				TARGETED_DEVICE_FAMILY = 2;
			};
			name = Debug;
		};
		8B2C2A951C61A19E00614D69 /* Release */ = {
			isa = XCBuildConfiguration;
			buildSettings = {
				ALWAYS_SEARCH_USER_PATHS = NO;
				CLANG_CXX_LANGUAGE_STANDARD = "gnu++0x";
				CLANG_CXX_LIBRARY = "libc++";
				CLANG_ENABLE_MODULES = YES;
				CLANG_ENABLE_OBJC_ARC = YES;
				CLANG_WARN_BOOL_CONVERSION = YES;
				CLANG_WARN_CONSTANT_CONVERSION = YES;
				CLANG_WARN_DIRECT_OBJC_ISA_USAGE = YES_ERROR;
				CLANG_WARN_EMPTY_BODY = YES;
				CLANG_WARN_ENUM_CONVERSION = YES;
				CLANG_WARN_INT_CONVERSION = YES;
				CLANG_WARN_OBJC_ROOT_CLASS = YES_ERROR;
				CLANG_WARN_UNREACHABLE_CODE = YES;
				CLANG_WARN__DUPLICATE_METHOD_MATCH = YES;
				"CODE_SIGN_IDENTITY[sdk=iphoneos*]" = "iPhone Developer";
				COPY_PHASE_STRIP = NO;
				DEBUG_INFORMATION_FORMAT = "dwarf-with-dsym";
				ENABLE_NS_ASSERTIONS = NO;
				ENABLE_STRICT_OBJC_MSGSEND = YES;
				GCC_C_LANGUAGE_STANDARD = gnu99;
				GCC_NO_COMMON_BLOCKS = YES;
				GCC_WARN_64_TO_32_BIT_CONVERSION = YES;
				GCC_WARN_ABOUT_RETURN_TYPE = YES_ERROR;
				GCC_WARN_UNDECLARED_SELECTOR = YES;
				GCC_WARN_UNINITIALIZED_AUTOS = YES_AGGRESSIVE;
				GCC_WARN_UNUSED_FUNCTION = YES;
				GCC_WARN_UNUSED_VARIABLE = YES;
				IPHONEOS_DEPLOYMENT_TARGET = 9.2;
				MTL_ENABLE_DEBUG_INFO = NO;
				SDKROOT = iphoneos;
				TARGETED_DEVICE_FAMILY = 2;
				VALIDATE_PRODUCT = YES;
			};
			name = Release;
		};
		8B2C2A971C61A19E00614D69 /* Debug */ = {
			isa = XCBuildConfiguration;
			buildSettings = {
				ASSETCATALOG_COMPILER_APPICON_NAME = AppIcon;
				INFOPLIST_FILE = YYDeal/Info.plist;
				LD_RUNPATH_SEARCH_PATHS = "$(inherited) @executable_path/Frameworks";
				PRODUCT_BUNDLE_IDENTIFIER = Hanrovey.YYDeal;
				PRODUCT_NAME = "$(TARGET_NAME)";
			};
			name = Debug;
		};
		8B2C2A981C61A19E00614D69 /* Release */ = {
			isa = XCBuildConfiguration;
			buildSettings = {
				ASSETCATALOG_COMPILER_APPICON_NAME = AppIcon;
				INFOPLIST_FILE = YYDeal/Info.plist;
				LD_RUNPATH_SEARCH_PATHS = "$(inherited) @executable_path/Frameworks";
				PRODUCT_BUNDLE_IDENTIFIER = Hanrovey.YYDeal;
				PRODUCT_NAME = "$(TARGET_NAME)";
			};
			name = Release;
		};
		8B2C2A9A1C61A19E00614D69 /* Debug */ = {
			isa = XCBuildConfiguration;
			buildSettings = {
				BUNDLE_LOADER = "$(TEST_HOST)";
				INFOPLIST_FILE = YYDealTests/Info.plist;
				LD_RUNPATH_SEARCH_PATHS = "$(inherited) @executable_path/Frameworks @loader_path/Frameworks";
				PRODUCT_BUNDLE_IDENTIFIER = Hanrovey.YYDealTests;
				PRODUCT_NAME = "$(TARGET_NAME)";
				TEST_HOST = "$(BUILT_PRODUCTS_DIR)/YYDeal.app/YYDeal";
			};
			name = Debug;
		};
		8B2C2A9B1C61A19E00614D69 /* Release */ = {
			isa = XCBuildConfiguration;
			buildSettings = {
				BUNDLE_LOADER = "$(TEST_HOST)";
				INFOPLIST_FILE = YYDealTests/Info.plist;
				LD_RUNPATH_SEARCH_PATHS = "$(inherited) @executable_path/Frameworks @loader_path/Frameworks";
				PRODUCT_BUNDLE_IDENTIFIER = Hanrovey.YYDealTests;
				PRODUCT_NAME = "$(TARGET_NAME)";
				TEST_HOST = "$(BUILT_PRODUCTS_DIR)/YYDeal.app/YYDeal";
			};
			name = Release;
		};
		8B2C2A9D1C61A19E00614D69 /* Debug */ = {
			isa = XCBuildConfiguration;
			buildSettings = {
				INFOPLIST_FILE = YYDealUITests/Info.plist;
				LD_RUNPATH_SEARCH_PATHS = "$(inherited) @executable_path/Frameworks @loader_path/Frameworks";
				PRODUCT_BUNDLE_IDENTIFIER = Hanrovey.YYDealUITests;
				PRODUCT_NAME = "$(TARGET_NAME)";
				TEST_TARGET_NAME = YYDeal;
				USES_XCTRUNNER = YES;
			};
			name = Debug;
		};
		8B2C2A9E1C61A19E00614D69 /* Release */ = {
			isa = XCBuildConfiguration;
			buildSettings = {
				INFOPLIST_FILE = YYDealUITests/Info.plist;
				LD_RUNPATH_SEARCH_PATHS = "$(inherited) @executable_path/Frameworks @loader_path/Frameworks";
				PRODUCT_BUNDLE_IDENTIFIER = Hanrovey.YYDealUITests;
				PRODUCT_NAME = "$(TARGET_NAME)";
				TEST_TARGET_NAME = YYDeal;
				USES_XCTRUNNER = YES;
			};
			name = Release;
		};
/* End XCBuildConfiguration section */

/* Begin XCConfigurationList section */
		8B2C2A641C61A19E00614D69 /* Build configuration list for PBXProject "YYDeal" */ = {
			isa = XCConfigurationList;
			buildConfigurations = (
				8B2C2A941C61A19E00614D69 /* Debug */,
				8B2C2A951C61A19E00614D69 /* Release */,
			);
			defaultConfigurationIsVisible = 0;
			defaultConfigurationName = Release;
		};
		8B2C2A961C61A19E00614D69 /* Build configuration list for PBXNativeTarget "YYDeal" */ = {
			isa = XCConfigurationList;
			buildConfigurations = (
				8B2C2A971C61A19E00614D69 /* Debug */,
				8B2C2A981C61A19E00614D69 /* Release */,
			);
			defaultConfigurationIsVisible = 0;
			defaultConfigurationName = Release;
		};
		8B2C2A991C61A19E00614D69 /* Build configuration list for PBXNativeTarget "YYDealTests" */ = {
			isa = XCConfigurationList;
			buildConfigurations = (
				8B2C2A9A1C61A19E00614D69 /* Debug */,
				8B2C2A9B1C61A19E00614D69 /* Release */,
			);
			defaultConfigurationIsVisible = 0;
			defaultConfigurationName = Release;
		};
		8B2C2A9C1C61A19E00614D69 /* Build configuration list for PBXNativeTarget "YYDealUITests" */ = {
			isa = XCConfigurationList;
			buildConfigurations = (
				8B2C2A9D1C61A19E00614D69 /* Debug */,
				8B2C2A9E1C61A19E00614D69 /* Release */,
			);
			defaultConfigurationIsVisible = 0;
			defaultConfigurationName = Release;
		};
/* End XCConfigurationList section */
	};
	rootObject = 8B2C2A611C61A19E00614D69 /* Project object */;
}
